
Microsoft Visual Studio Solution File, Format Version 12.00
# Visual Studio Version 17
VisualStudioVersion = 17.13.35828.75
MinimumVisualStudioVersion = 10.0.40219.1
Project("{8BC9CEB8-8B4A-11D0-8D11-00A0C91BC942}") = "Problem01-MultiplicationTable", "Problem01-MultiplicationTable\Problem01-MultiplicationTable.vcxproj", "{4B717B37-EA35-402B-9916-43759B644E5C}"
EndProject
Project("{8BC9CEB8-8B4A-11D0-8D11-00A0C91BC942}") = "Problem02-PrimeNumbersFrom1ToN", "Problem02-PrimeNumbersFrom1ToN\Problem02-PrimeNumbersFrom1ToN.vcxproj", "{1634A420-EADF-401D-8115-CD0CC91C448C}"
EndProject
Project("{8BC9CEB8-8B4A-11D0-8D11-00A0C91BC942}") = "Problem03-PerfectNumber", "Problem03-PerfectNumber\Problem03-PerfectNumber.vcxproj", "{7559B309-7D35-4074-8FEF-895B48582D99}"
EndProject
Project("{8BC9CEB8-8B4A-11D0-8D11-00A0C91BC942}") = "Problem04-PerfectNumbersFrom1ToN", "Problem04-PerfectNumbersFrom1ToN\Problem04-PerfectNumbersFrom1ToN.vcxproj", "{85B29872-3F49-46EB-8752-98A104E14FCD}"
EndProject
Project("{8BC9CEB8-8B4A-11D0-8D11-00A0C91BC942}") = "Problem05-PrintDigitsReversed", "Problem05-PrintDigitsReversed\Problem05-PrintDigitsReversed.vcxproj", "{E3AF2B09-A8B9-4E77-B644-5D7745508066}"
EndProject
Project("{8BC9CEB8-8B4A-11D0-8D11-00A0C91BC942}") = "Problem06-SumOfDigits", "Problem06-SumOfDigits\Problem06-SumOfDigits.vcxproj", "{73DFC8A5-0AFC-47AB-8BC1-895EC2433A31}"
EndProject
Project("{8BC9CEB8-8B4A-11D0-8D11-00A0C91BC942}") = "Problem07 - Reverse Number Digits", "Problem07 - Reverse Number Digits\Problem07 - Reverse Number Digits.vcxproj", "{77413A61-A866-4E31-B090-5353D95DEBD1}"
EndProject
Project("{8BC9CEB8-8B4A-11D0-8D11-00A0C91BC942}") = "Problem08-DigitFrequencyInNumber", "Problem08-DigitFrequencyInNumber\Problem08-DigitFrequencyInNumber.vcxproj", "{EFDD4ED9-9988-47B5-B19D-79F665FFF9C6}"
EndProject
Project("{8BC9CEB8-8B4A-11D0-8D11-00A0C91BC942}") = "Problem09-DigitsFrequencyInNumber", "Problem09-DigitsFrequencyInNumber\Problem09-DigitsFrequencyInNumber.vcxproj", "{4087C2FB-956A-4295-B7FB-9B3DC98AF601}"
EndProject
Project("{8BC9CEB8-8B4A-11D0-8D11-00A0C91BC942}") = "Problem10-PrintDigitsInOrder", "Problem10-PrintDigitsInOrder\Problem10-PrintDigitsInOrder.vcxproj", "{196A6B71-0604-476F-AC3F-DE61C42C172B}"
EndProject
Project("{8BC9CEB8-8B4A-11D0-8D11-00A0C91BC942}") = "Problem11-PalidromeNumber", "Problem11-PalidromeNumber\Problem11-PalidromeNumber.vcxproj", "{5D43B68F-55D7-416A-9409-0824952705CA}"
EndProject
Project("{8BC9CEB8-8B4A-11D0-8D11-00A0C91BC942}") = "Problem12-InvertedNumberPattern", "Problem12-InvertedNumberPattern\Problem12-InvertedNumberPattern.vcxproj", "{963180C4-9DB2-4FA2-9A01-FCFCDC45F028}"
EndProject
Project("{8BC9CEB8-8B4A-11D0-8D11-00A0C91BC942}") = "Problem13-PrintNumberPattern", "Problem13-PrintNumberPattern\Problem13-PrintNumberPattern.vcxproj", "{3E739334-282D-49E4-B7EE-633B7CF0C222}"
EndProject
Project("{8BC9CEB8-8B4A-11D0-8D11-00A0C91BC942}") = "Problem14-InvertedLetterPattern", "Problem14-InvertedLetterPattern\Problem14-InvertedLetterPattern.vcxproj", "{934B75DE-EE28-4841-8973-4759B15FEC3C}"
EndProject
Project("{8BC9CEB8-8B4A-11D0-8D11-00A0C91BC942}") = "Problem15-LetterPattern", "Problem15-LetterPattern\Problem15-LetterPattern.vcxproj", "{C56336C2-2F55-4AD8-9358-366A74F45482}"
EndProject
Project("{8BC9CEB8-8B4A-11D0-8D11-00A0C91BC942}") = "Problem16-WordsFromAAAtoZZZ", "Problem16-WordsFromAAAtoZZZ\Problem16-WordsFromAAAtoZZZ.vcxproj", "{523B0E6B-1D01-4477-99B0-F078E3D690DD}"
EndProject
Project("{8BC9CEB8-8B4A-11D0-8D11-00A0C91BC942}") = "Problem17-Guess3LetterPassword", "Problem17-Guess3LetterPassword\Problem17-Guess3LetterPassword.vcxproj", "{879C0DF1-9388-475C-9608-0DBC2E78E0B0}"
EndProject
Project("{8BC9CEB8-8B4A-11D0-8D11-00A0C91BC942}") = "Problem18-EncryptDecryptMessage", "Problem18-EncryptDecryptMessage\Problem18-EncryptDecryptMessage.vcxproj", "{0A583FD0-C8D7-4EDD-97E1-551D46AFF0E0}"
EndProject
Project("{8BC9CEB8-8B4A-11D0-8D11-00A0C91BC942}") = "Problem19-3RandomNumbers", "Problem19-3RandomNumbers\Problem19-3RandomNumbers.vcxproj", "{088AEE3D-111B-4ED2-B846-C6AFE34F2FD0}"
EndProject
Project("{8BC9CEB8-8B4A-11D0-8D11-00A0C91BC942}") = "Problem20-RandomPractices", "Problem20-RandomPractices\Problem20-RandomPractices.vcxproj", "{810E5ECA-BCA3-4BF4-B545-F75676153CC1}"
EndProject
Project("{8BC9CEB8-8B4A-11D0-8D11-00A0C91BC942}") = "Problem21-GenerateKey", "Problem21-GenerateKey\Problem21-GenerateKey.vcxproj", "{84BC0082-4D40-468A-A560-B1C5BCC8404C}"
EndProject
Project("{8BC9CEB8-8B4A-11D0-8D11-00A0C91BC942}") = "Problem22-NumberFrequencyInArray", "Problem22-NumberFrequencyInArray\Problem22-NumberFrequencyInArray.vcxproj", "{19391D51-7420-4FA2-AA41-775AB6820B51}"
EndProject
Project("{8BC9CEB8-8B4A-11D0-8D11-00A0C91BC942}") = "Problem23-ArrayWithRandomNums", "Problem23-ArrayWithRandomNums\Problem23-ArrayWithRandomNums.vcxproj", "{268EF05D-0680-402D-B7AE-94D9ED3A2B9F}"
EndProject
Project("{8BC9CEB8-8B4A-11D0-8D11-00A0C91BC942}") = "Problem24-MaxInRandomArray", "Problem24-MaxInRandomArray\Problem24-MaxInRandomArray.vcxproj", "{C8EB35B2-29FF-4156-B066-514D0BFF6B0A}"
EndProject
Project("{8BC9CEB8-8B4A-11D0-8D11-00A0C91BC942}") = "Problem25-MinInRandomArray", "Problem25-MinInRandomArray\Problem25-MinInRandomArray.vcxproj", "{CF1AD0BB-A05D-4C06-A504-7F3326A32AF1}"
EndProject
Project("{8BC9CEB8-8B4A-11D0-8D11-00A0C91BC942}") = "Problem26-SumOfRandomArrElements", "Problem26-SumOfRandomArrElements\Problem26-SumOfRandomArrElements.vcxproj", "{C06B96AC-CF5A-40C7-BB6D-424ABF8CBD11}"
EndProject
Project("{8BC9CEB8-8B4A-11D0-8D11-00A0C91BC942}") = "Problem27-AvgOfRandomArr", "Problem27-AvgOfRandomArr\Problem27-AvgOfRandomArr.vcxproj", "{3E0BCDF9-A141-40EF-A436-C06C0EFCAD84}"
EndProject
Project("{8BC9CEB8-8B4A-11D0-8D11-00A0C91BC942}") = "Problem28-CopyArray", "Problem28-CopyArray\Problem28-CopyArray.vcxproj", "{E6C86E12-CC6F-419B-A849-BE25E7186D17}"
EndProject
Project("{8BC9CEB8-8B4A-11D0-8D11-00A0C91BC942}") = "Problem29-CopyOnlyPrimeNumbers", "Problem29-CopyOnlyPrimeNumbers\Problem29-CopyOnlyPrimeNumbers.vcxproj", "{6A1B6110-9240-43CE-BE28-3353C5D70162}"
EndProject
Project("{8BC9CEB8-8B4A-11D0-8D11-00A0C91BC942}") = "Problem30-SumOf2RandomArrays", "Problem30-SumOf2RandomArrays\Problem30-SumOf2RandomArrays.vcxproj", "{F2B4BDB6-3462-4042-B1BF-3D4FE8292DBE}"
EndProject
Project("{8BC9CEB8-8B4A-11D0-8D11-00A0C91BC942}") = "Problem31-ShuffleOrderedArray", "Problem31-ShuffleOrderedArray\Problem31-ShuffleOrderedArray.vcxproj", "{4CA5CCB7-20D9-48CC-A3E8-CB45DDCE79A0}"
EndProject
Project("{8BC9CEB8-8B4A-11D0-8D11-00A0C91BC942}") = "Problem32-CopyArrayInReverse", "Problem32-CopyArrayInReverse\Problem32-CopyArrayInReverse.vcxproj", "{788ACCF3-F31F-4C70-8F8A-07FA149E0D74}"
EndProject
Project("{8BC9CEB8-8B4A-11D0-8D11-00A0C91BC942}") = "Problem33-FillArrayWithKeys", "Problem33-FillArrayWithKeys\Problem33-FillArrayWithKeys.vcxproj", "{F3831687-9092-41EE-9A98-D93F344CDAAB}"
EndProject
Project("{8BC9CEB8-8B4A-11D0-8D11-00A0C91BC942}") = "Problem34-NumberIndexInArray", "Problem34-NumberIndexInArray\Problem34-NumberIndexInArray.vcxproj", "{8FEE0AFA-935E-4C75-AFAE-633C8E727BAC}"
EndProject
Project("{8BC9CEB8-8B4A-11D0-8D11-00A0C91BC942}") = "Problem35-CheckNumInArray", "Problem35-CheckNumInArray\Problem35-CheckNumInArray.vcxproj", "{10FFBCF7-7C5A-492B-8983-48AB372965D5}"
EndProject
Project("{8BC9CEB8-8B4A-11D0-8D11-00A0C91BC942}") = "Problem36-SemiDynamicArray", "Problem36-SemiDynamicArray\Problem36-SemiDynamicArray.vcxproj", "{2B3F8D07-F6A0-4634-B10F-3AE4A2F183AF}"
EndProject
Project("{8BC9CEB8-8B4A-11D0-8D11-00A0C91BC942}") = "Problem37-CopyArray-2", "Problem37-CopyArray-2\Problem37-CopyArray-2.vcxproj", "{C9FAE2E6-CA63-48A6-8948-2967E4E886AF}"
EndProject
Project("{8BC9CEB8-8B4A-11D0-8D11-00A0C91BC942}") = "Problem38-CopyOddNumberArray", "Problem38-CopyOddNumberArray\Problem38-CopyOddNumberArray.vcxproj", "{9E6C564D-20FD-447B-9230-EFC0EC1124EC}"
EndProject
Project("{8BC9CEB8-8B4A-11D0-8D11-00A0C91BC942}") = "Problem39-CopyPrimeNumsArray", "Problem39-CopyPrimeNumsArray\Problem39-CopyPrimeNumsArray.vcxproj", "{C62C6792-457A-4787-A93A-A4871A0723E4}"
EndProject
Project("{8BC9CEB8-8B4A-11D0-8D11-00A0C91BC942}") = "Problem40-CopyDistinctNumbers", "Problem40-CopyDistinctNumbers\Problem40-CopyDistinctNumbers.vcxproj", "{D7022467-81DF-4397-A2DA-B9FCFCE64A7B}"
EndProject
Project("{8BC9CEB8-8B4A-11D0-8D11-00A0C91BC942}") = "Problem41-IsPalindromeArray", "Problem41-IsPalindromeArray\Problem41-IsPalindromeArray.vcxproj", "{80E1E9DA-423B-4A0E-8637-E40DE9134E08}"
EndProject
Project("{8BC9CEB8-8B4A-11D0-8D11-00A0C91BC942}") = "Problem42-CountOddNumsInArray", "Problem42-CountOddNumsInArray\Problem42-CountOddNumsInArray.vcxproj", "{4A4BC1DA-FF57-4294-9F8A-047DB8607B3F}"
EndProject
Project("{8BC9CEB8-8B4A-11D0-8D11-00A0C91BC942}") = "Problem43-CountEvenNumsInArray", "Problem43-CountEvenNumsInArray\Problem43-CountEvenNumsInArray.vcxproj", "{3E5BFCAF-6ACB-43CF-9210-F6F504809F28}"
EndProject
Project("{8BC9CEB8-8B4A-11D0-8D11-00A0C91BC942}") = "Problem44-PositiveNumsCount", "Problem44-PositiveNumsCount\Problem44-PositiveNumsCount.vcxproj", "{EFFE2039-3B69-456D-8E49-65B8DFEBEE14}"
EndProject
Project("{8BC9CEB8-8B4A-11D0-8D11-00A0C91BC942}") = "Problem45-NegativeNumCount", "Problem45-NegativeNumCount\Problem45-NegativeNumCount.vcxproj", "{4FEE0CC0-1343-4F81-8F93-4CFE3B98E1D8}"
EndProject
Project("{8BC9CEB8-8B4A-11D0-8D11-00A0C91BC942}") = "Problem46-MyABS", "Problem46-MyABS\Problem46-MyABS.vcxproj", "{3AF2B133-29DE-4F0B-AD6B-2BFF77577E58}"
EndProject
Project("{8BC9CEB8-8B4A-11D0-8D11-00A0C91BC942}") = "Problem47-MyRound", "Problem47-MyRound\Problem47-MyRound.vcxproj", "{33228CC9-2C07-46E1-B372-054031A77C3D}"
EndProject
Project("{8BC9CEB8-8B4A-11D0-8D11-00A0C91BC942}") = "Problem48-MyFloor", "Problem48-MyFloor\Problem48-MyFloor.vcxproj", "{1A51BA70-0462-4756-B24F-B89CE547EBAD}"
EndProject
Project("{8BC9CEB8-8B4A-11D0-8D11-00A0C91BC942}") = "Problem49-MyCeil", "Problem49-MyCeil\Problem49-MyCeil.vcxproj", "{EAC1A1E7-DD9F-4603-9AE9-918CB361B470}"
EndProject
Project("{8BC9CEB8-8B4A-11D0-8D11-00A0C91BC942}") = "Problem50-MySqrt", "Problem50-MySqrt\Problem50-MySqrt.vcxproj", "{436DA009-F17F-4407-A80D-B616AB0C3109}"
EndProject
Project("{8BC9CEB8-8B4A-11D0-8D11-00A0C91BC942}") = "Project1-RockPaperScissors", "Project1-RockPaperScissors\Project1-RockPaperScissors.vcxproj", "{5C6FCCD4-0E9E-43C9-8509-E596D9864825}"
EndProject
Project("{8BC9CEB8-8B4A-11D0-8D11-00A0C91BC942}") = "Project-2 MathGame", "Project-2 MathGame\Project-2 MathGame.vcxproj", "{C3144388-B8DE-4876-BAD1-4E5937109CA4}"
EndProject
Global
	GlobalSection(SolutionConfigurationPlatforms) = preSolution
		Debug|x64 = Debug|x64
		Debug|x86 = Debug|x86
		Release|x64 = Release|x64
		Release|x86 = Release|x86
	EndGlobalSection
	GlobalSection(ProjectConfigurationPlatforms) = postSolution
		{4B717B37-EA35-402B-9916-43759B644E5C}.Debug|x64.ActiveCfg = Debug|x64
		{4B717B37-EA35-402B-9916-43759B644E5C}.Debug|x64.Build.0 = Debug|x64
		{4B717B37-EA35-402B-9916-43759B644E5C}.Debug|x86.ActiveCfg = Debug|Win32
		{4B717B37-EA35-402B-9916-43759B644E5C}.Debug|x86.Build.0 = Debug|Win32
		{4B717B37-EA35-402B-9916-43759B644E5C}.Release|x64.ActiveCfg = Release|x64
		{4B717B37-EA35-402B-9916-43759B644E5C}.Release|x64.Build.0 = Release|x64
		{4B717B37-EA35-402B-9916-43759B644E5C}.Release|x86.ActiveCfg = Release|Win32
		{4B717B37-EA35-402B-9916-43759B644E5C}.Release|x86.Build.0 = Release|Win32
		{1634A420-EADF-401D-8115-CD0CC91C448C}.Debug|x64.ActiveCfg = Debug|x64
		{1634A420-EADF-401D-8115-CD0CC91C448C}.Debug|x64.Build.0 = Debug|x64
		{1634A420-EADF-401D-8115-CD0CC91C448C}.Debug|x86.ActiveCfg = Debug|Win32
		{1634A420-EADF-401D-8115-CD0CC91C448C}.Debug|x86.Build.0 = Debug|Win32
		{1634A420-EADF-401D-8115-CD0CC91C448C}.Release|x64.ActiveCfg = Release|x64
		{1634A420-EADF-401D-8115-CD0CC91C448C}.Release|x64.Build.0 = Release|x64
		{1634A420-EADF-401D-8115-CD0CC91C448C}.Release|x86.ActiveCfg = Release|Win32
		{1634A420-EADF-401D-8115-CD0CC91C448C}.Release|x86.Build.0 = Release|Win32
		{7559B309-7D35-4074-8FEF-895B48582D99}.Debug|x64.ActiveCfg = Debug|x64
		{7559B309-7D35-4074-8FEF-895B48582D99}.Debug|x64.Build.0 = Debug|x64
		{7559B309-7D35-4074-8FEF-895B48582D99}.Debug|x86.ActiveCfg = Debug|Win32
		{7559B309-7D35-4074-8FEF-895B48582D99}.Debug|x86.Build.0 = Debug|Win32
		{7559B309-7D35-4074-8FEF-895B48582D99}.Release|x64.ActiveCfg = Release|x64
		{7559B309-7D35-4074-8FEF-895B48582D99}.Release|x64.Build.0 = Release|x64
		{7559B309-7D35-4074-8FEF-895B48582D99}.Release|x86.ActiveCfg = Release|Win32
		{7559B309-7D35-4074-8FEF-895B48582D99}.Release|x86.Build.0 = Release|Win32
		{85B29872-3F49-46EB-8752-98A104E14FCD}.Debug|x64.ActiveCfg = Debug|x64
		{85B29872-3F49-46EB-8752-98A104E14FCD}.Debug|x64.Build.0 = Debug|x64
		{85B29872-3F49-46EB-8752-98A104E14FCD}.Debug|x86.ActiveCfg = Debug|Win32
		{85B29872-3F49-46EB-8752-98A104E14FCD}.Debug|x86.Build.0 = Debug|Win32
		{85B29872-3F49-46EB-8752-98A104E14FCD}.Release|x64.ActiveCfg = Release|x64
		{85B29872-3F49-46EB-8752-98A104E14FCD}.Release|x64.Build.0 = Release|x64
		{85B29872-3F49-46EB-8752-98A104E14FCD}.Release|x86.ActiveCfg = Release|Win32
		{85B29872-3F49-46EB-8752-98A104E14FCD}.Release|x86.Build.0 = Release|Win32
		{E3AF2B09-A8B9-4E77-B644-5D7745508066}.Debug|x64.ActiveCfg = Debug|x64
		{E3AF2B09-A8B9-4E77-B644-5D7745508066}.Debug|x64.Build.0 = Debug|x64
		{E3AF2B09-A8B9-4E77-B644-5D7745508066}.Debug|x86.ActiveCfg = Debug|Win32
		{E3AF2B09-A8B9-4E77-B644-5D7745508066}.Debug|x86.Build.0 = Debug|Win32
		{E3AF2B09-A8B9-4E77-B644-5D7745508066}.Release|x64.ActiveCfg = Release|x64
		{E3AF2B09-A8B9-4E77-B644-5D7745508066}.Release|x64.Build.0 = Release|x64
		{E3AF2B09-A8B9-4E77-B644-5D7745508066}.Release|x86.ActiveCfg = Release|Win32
		{E3AF2B09-A8B9-4E77-B644-5D7745508066}.Release|x86.Build.0 = Release|Win32
		{73DFC8A5-0AFC-47AB-8BC1-895EC2433A31}.Debug|x64.ActiveCfg = Debug|x64
		{73DFC8A5-0AFC-47AB-8BC1-895EC2433A31}.Debug|x64.Build.0 = Debug|x64
		{73DFC8A5-0AFC-47AB-8BC1-895EC2433A31}.Debug|x86.ActiveCfg = Debug|Win32
		{73DFC8A5-0AFC-47AB-8BC1-895EC2433A31}.Debug|x86.Build.0 = Debug|Win32
		{73DFC8A5-0AFC-47AB-8BC1-895EC2433A31}.Release|x64.ActiveCfg = Release|x64
		{73DFC8A5-0AFC-47AB-8BC1-895EC2433A31}.Release|x64.Build.0 = Release|x64
		{73DFC8A5-0AFC-47AB-8BC1-895EC2433A31}.Release|x86.ActiveCfg = Release|Win32
		{73DFC8A5-0AFC-47AB-8BC1-895EC2433A31}.Release|x86.Build.0 = Release|Win32
		{77413A61-A866-4E31-B090-5353D95DEBD1}.Debug|x64.ActiveCfg = Debug|x64
		{77413A61-A866-4E31-B090-5353D95DEBD1}.Debug|x64.Build.0 = Debug|x64
		{77413A61-A866-4E31-B090-5353D95DEBD1}.Debug|x86.ActiveCfg = Debug|Win32
		{77413A61-A866-4E31-B090-5353D95DEBD1}.Debug|x86.Build.0 = Debug|Win32
		{77413A61-A866-4E31-B090-5353D95DEBD1}.Release|x64.ActiveCfg = Release|x64
		{77413A61-A866-4E31-B090-5353D95DEBD1}.Release|x64.Build.0 = Release|x64
		{77413A61-A866-4E31-B090-5353D95DEBD1}.Release|x86.ActiveCfg = Release|Win32
		{77413A61-A866-4E31-B090-5353D95DEBD1}.Release|x86.Build.0 = Release|Win32
		{EFDD4ED9-9988-47B5-B19D-79F665FFF9C6}.Debug|x64.ActiveCfg = Debug|x64
		{EFDD4ED9-9988-47B5-B19D-79F665FFF9C6}.Debug|x64.Build.0 = Debug|x64
		{EFDD4ED9-9988-47B5-B19D-79F665FFF9C6}.Debug|x86.ActiveCfg = Debug|Win32
		{EFDD4ED9-9988-47B5-B19D-79F665FFF9C6}.Debug|x86.Build.0 = Debug|Win32
		{EFDD4ED9-9988-47B5-B19D-79F665FFF9C6}.Release|x64.ActiveCfg = Release|x64
		{EFDD4ED9-9988-47B5-B19D-79F665FFF9C6}.Release|x64.Build.0 = Release|x64
		{EFDD4ED9-9988-47B5-B19D-79F665FFF9C6}.Release|x86.ActiveCfg = Release|Win32
		{EFDD4ED9-9988-47B5-B19D-79F665FFF9C6}.Release|x86.Build.0 = Release|Win32
		{4087C2FB-956A-4295-B7FB-9B3DC98AF601}.Debug|x64.ActiveCfg = Debug|x64
		{4087C2FB-956A-4295-B7FB-9B3DC98AF601}.Debug|x64.Build.0 = Debug|x64
		{4087C2FB-956A-4295-B7FB-9B3DC98AF601}.Debug|x86.ActiveCfg = Debug|Win32
		{4087C2FB-956A-4295-B7FB-9B3DC98AF601}.Debug|x86.Build.0 = Debug|Win32
		{4087C2FB-956A-4295-B7FB-9B3DC98AF601}.Release|x64.ActiveCfg = Release|x64
		{4087C2FB-956A-4295-B7FB-9B3DC98AF601}.Release|x64.Build.0 = Release|x64
		{4087C2FB-956A-4295-B7FB-9B3DC98AF601}.Release|x86.ActiveCfg = Release|Win32
		{4087C2FB-956A-4295-B7FB-9B3DC98AF601}.Release|x86.Build.0 = Release|Win32
		{196A6B71-0604-476F-AC3F-DE61C42C172B}.Debug|x64.ActiveCfg = Debug|x64
		{196A6B71-0604-476F-AC3F-DE61C42C172B}.Debug|x64.Build.0 = Debug|x64
		{196A6B71-0604-476F-AC3F-DE61C42C172B}.Debug|x86.ActiveCfg = Debug|Win32
		{196A6B71-0604-476F-AC3F-DE61C42C172B}.Debug|x86.Build.0 = Debug|Win32
		{196A6B71-0604-476F-AC3F-DE61C42C172B}.Release|x64.ActiveCfg = Release|x64
		{196A6B71-0604-476F-AC3F-DE61C42C172B}.Release|x64.Build.0 = Release|x64
		{196A6B71-0604-476F-AC3F-DE61C42C172B}.Release|x86.ActiveCfg = Release|Win32
		{196A6B71-0604-476F-AC3F-DE61C42C172B}.Release|x86.Build.0 = Release|Win32
		{5D43B68F-55D7-416A-9409-0824952705CA}.Debug|x64.ActiveCfg = Debug|x64
		{5D43B68F-55D7-416A-9409-0824952705CA}.Debug|x64.Build.0 = Debug|x64
		{5D43B68F-55D7-416A-9409-0824952705CA}.Debug|x86.ActiveCfg = Debug|Win32
		{5D43B68F-55D7-416A-9409-0824952705CA}.Debug|x86.Build.0 = Debug|Win32
		{5D43B68F-55D7-416A-9409-0824952705CA}.Release|x64.ActiveCfg = Release|x64
		{5D43B68F-55D7-416A-9409-0824952705CA}.Release|x64.Build.0 = Release|x64
		{5D43B68F-55D7-416A-9409-0824952705CA}.Release|x86.ActiveCfg = Release|Win32
		{5D43B68F-55D7-416A-9409-0824952705CA}.Release|x86.Build.0 = Release|Win32
		{963180C4-9DB2-4FA2-9A01-FCFCDC45F028}.Debug|x64.ActiveCfg = Debug|x64
		{963180C4-9DB2-4FA2-9A01-FCFCDC45F028}.Debug|x64.Build.0 = Debug|x64
		{963180C4-9DB2-4FA2-9A01-FCFCDC45F028}.Debug|x86.ActiveCfg = Debug|Win32
		{963180C4-9DB2-4FA2-9A01-FCFCDC45F028}.Debug|x86.Build.0 = Debug|Win32
		{963180C4-9DB2-4FA2-9A01-FCFCDC45F028}.Release|x64.ActiveCfg = Release|x64
		{963180C4-9DB2-4FA2-9A01-FCFCDC45F028}.Release|x64.Build.0 = Release|x64
		{963180C4-9DB2-4FA2-9A01-FCFCDC45F028}.Release|x86.ActiveCfg = Release|Win32
		{963180C4-9DB2-4FA2-9A01-FCFCDC45F028}.Release|x86.Build.0 = Release|Win32
		{3E739334-282D-49E4-B7EE-633B7CF0C222}.Debug|x64.ActiveCfg = Debug|x64
		{3E739334-282D-49E4-B7EE-633B7CF0C222}.Debug|x64.Build.0 = Debug|x64
		{3E739334-282D-49E4-B7EE-633B7CF0C222}.Debug|x86.ActiveCfg = Debug|Win32
		{3E739334-282D-49E4-B7EE-633B7CF0C222}.Debug|x86.Build.0 = Debug|Win32
		{3E739334-282D-49E4-B7EE-633B7CF0C222}.Release|x64.ActiveCfg = Release|x64
		{3E739334-282D-49E4-B7EE-633B7CF0C222}.Release|x64.Build.0 = Release|x64
		{3E739334-282D-49E4-B7EE-633B7CF0C222}.Release|x86.ActiveCfg = Release|Win32
		{3E739334-282D-49E4-B7EE-633B7CF0C222}.Release|x86.Build.0 = Release|Win32
		{934B75DE-EE28-4841-8973-4759B15FEC3C}.Debug|x64.ActiveCfg = Debug|x64
		{934B75DE-EE28-4841-8973-4759B15FEC3C}.Debug|x64.Build.0 = Debug|x64
		{934B75DE-EE28-4841-8973-4759B15FEC3C}.Debug|x86.ActiveCfg = Debug|Win32
		{934B75DE-EE28-4841-8973-4759B15FEC3C}.Debug|x86.Build.0 = Debug|Win32
		{934B75DE-EE28-4841-8973-4759B15FEC3C}.Release|x64.ActiveCfg = Release|x64
		{934B75DE-EE28-4841-8973-4759B15FEC3C}.Release|x64.Build.0 = Release|x64
		{934B75DE-EE28-4841-8973-4759B15FEC3C}.Release|x86.ActiveCfg = Release|Win32
		{934B75DE-EE28-4841-8973-4759B15FEC3C}.Release|x86.Build.0 = Release|Win32
		{C56336C2-2F55-4AD8-9358-366A74F45482}.Debug|x64.ActiveCfg = Debug|x64
		{C56336C2-2F55-4AD8-9358-366A74F45482}.Debug|x64.Build.0 = Debug|x64
		{C56336C2-2F55-4AD8-9358-366A74F45482}.Debug|x86.ActiveCfg = Debug|Win32
		{C56336C2-2F55-4AD8-9358-366A74F45482}.Debug|x86.Build.0 = Debug|Win32
		{C56336C2-2F55-4AD8-9358-366A74F45482}.Release|x64.ActiveCfg = Release|x64
		{C56336C2-2F55-4AD8-9358-366A74F45482}.Release|x64.Build.0 = Release|x64
		{C56336C2-2F55-4AD8-9358-366A74F45482}.Release|x86.ActiveCfg = Release|Win32
		{C56336C2-2F55-4AD8-9358-366A74F45482}.Release|x86.Build.0 = Release|Win32
		{523B0E6B-1D01-4477-99B0-F078E3D690DD}.Debug|x64.ActiveCfg = Debug|x64
		{523B0E6B-1D01-4477-99B0-F078E3D690DD}.Debug|x64.Build.0 = Debug|x64
		{523B0E6B-1D01-4477-99B0-F078E3D690DD}.Debug|x86.ActiveCfg = Debug|Win32
		{523B0E6B-1D01-4477-99B0-F078E3D690DD}.Debug|x86.Build.0 = Debug|Win32
		{523B0E6B-1D01-4477-99B0-F078E3D690DD}.Release|x64.ActiveCfg = Release|x64
		{523B0E6B-1D01-4477-99B0-F078E3D690DD}.Release|x64.Build.0 = Release|x64
		{523B0E6B-1D01-4477-99B0-F078E3D690DD}.Release|x86.ActiveCfg = Release|Win32
		{523B0E6B-1D01-4477-99B0-F078E3D690DD}.Release|x86.Build.0 = Release|Win32
		{879C0DF1-9388-475C-9608-0DBC2E78E0B0}.Debug|x64.ActiveCfg = Debug|x64
		{879C0DF1-9388-475C-9608-0DBC2E78E0B0}.Debug|x64.Build.0 = Debug|x64
		{879C0DF1-9388-475C-9608-0DBC2E78E0B0}.Debug|x86.ActiveCfg = Debug|Win32
		{879C0DF1-9388-475C-9608-0DBC2E78E0B0}.Debug|x86.Build.0 = Debug|Win32
		{879C0DF1-9388-475C-9608-0DBC2E78E0B0}.Release|x64.ActiveCfg = Release|x64
		{879C0DF1-9388-475C-9608-0DBC2E78E0B0}.Release|x64.Build.0 = Release|x64
		{879C0DF1-9388-475C-9608-0DBC2E78E0B0}.Release|x86.ActiveCfg = Release|Win32
		{879C0DF1-9388-475C-9608-0DBC2E78E0B0}.Release|x86.Build.0 = Release|Win32
		{0A583FD0-C8D7-4EDD-97E1-551D46AFF0E0}.Debug|x64.ActiveCfg = Debug|x64
		{0A583FD0-C8D7-4EDD-97E1-551D46AFF0E0}.Debug|x64.Build.0 = Debug|x64
		{0A583FD0-C8D7-4EDD-97E1-551D46AFF0E0}.Debug|x86.ActiveCfg = Debug|Win32
		{0A583FD0-C8D7-4EDD-97E1-551D46AFF0E0}.Debug|x86.Build.0 = Debug|Win32
		{0A583FD0-C8D7-4EDD-97E1-551D46AFF0E0}.Release|x64.ActiveCfg = Release|x64
		{0A583FD0-C8D7-4EDD-97E1-551D46AFF0E0}.Release|x64.Build.0 = Release|x64
		{0A583FD0-C8D7-4EDD-97E1-551D46AFF0E0}.Release|x86.ActiveCfg = Release|Win32
		{0A583FD0-C8D7-4EDD-97E1-551D46AFF0E0}.Release|x86.Build.0 = Release|Win32
		{088AEE3D-111B-4ED2-B846-C6AFE34F2FD0}.Debug|x64.ActiveCfg = Debug|x64
		{088AEE3D-111B-4ED2-B846-C6AFE34F2FD0}.Debug|x64.Build.0 = Debug|x64
		{088AEE3D-111B-4ED2-B846-C6AFE34F2FD0}.Debug|x86.ActiveCfg = Debug|Win32
		{088AEE3D-111B-4ED2-B846-C6AFE34F2FD0}.Debug|x86.Build.0 = Debug|Win32
		{088AEE3D-111B-4ED2-B846-C6AFE34F2FD0}.Release|x64.ActiveCfg = Release|x64
		{088AEE3D-111B-4ED2-B846-C6AFE34F2FD0}.Release|x64.Build.0 = Release|x64
		{088AEE3D-111B-4ED2-B846-C6AFE34F2FD0}.Release|x86.ActiveCfg = Release|Win32
		{088AEE3D-111B-4ED2-B846-C6AFE34F2FD0}.Release|x86.Build.0 = Release|Win32
		{810E5ECA-BCA3-4BF4-B545-F75676153CC1}.Debug|x64.ActiveCfg = Debug|x64
		{810E5ECA-BCA3-4BF4-B545-F75676153CC1}.Debug|x64.Build.0 = Debug|x64
		{810E5ECA-BCA3-4BF4-B545-F75676153CC1}.Debug|x86.ActiveCfg = Debug|Win32
		{810E5ECA-BCA3-4BF4-B545-F75676153CC1}.Debug|x86.Build.0 = Debug|Win32
		{810E5ECA-BCA3-4BF4-B545-F75676153CC1}.Release|x64.ActiveCfg = Release|x64
		{810E5ECA-BCA3-4BF4-B545-F75676153CC1}.Release|x64.Build.0 = Release|x64
		{810E5ECA-BCA3-4BF4-B545-F75676153CC1}.Release|x86.ActiveCfg = Release|Win32
		{810E5ECA-BCA3-4BF4-B545-F75676153CC1}.Release|x86.Build.0 = Release|Win32
		{84BC0082-4D40-468A-A560-B1C5BCC8404C}.Debug|x64.ActiveCfg = Debug|x64
		{84BC0082-4D40-468A-A560-B1C5BCC8404C}.Debug|x64.Build.0 = Debug|x64
		{84BC0082-4D40-468A-A560-B1C5BCC8404C}.Debug|x86.ActiveCfg = Debug|Win32
		{84BC0082-4D40-468A-A560-B1C5BCC8404C}.Debug|x86.Build.0 = Debug|Win32
		{84BC0082-4D40-468A-A560-B1C5BCC8404C}.Release|x64.ActiveCfg = Release|x64
		{84BC0082-4D40-468A-A560-B1C5BCC8404C}.Release|x64.Build.0 = Release|x64
		{84BC0082-4D40-468A-A560-B1C5BCC8404C}.Release|x86.ActiveCfg = Release|Win32
		{84BC0082-4D40-468A-A560-B1C5BCC8404C}.Release|x86.Build.0 = Release|Win32
		{19391D51-7420-4FA2-AA41-775AB6820B51}.Debug|x64.ActiveCfg = Debug|x64
		{19391D51-7420-4FA2-AA41-775AB6820B51}.Debug|x64.Build.0 = Debug|x64
		{19391D51-7420-4FA2-AA41-775AB6820B51}.Debug|x86.ActiveCfg = Debug|Win32
		{19391D51-7420-4FA2-AA41-775AB6820B51}.Debug|x86.Build.0 = Debug|Win32
		{19391D51-7420-4FA2-AA41-775AB6820B51}.Release|x64.ActiveCfg = Release|x64
		{19391D51-7420-4FA2-AA41-775AB6820B51}.Release|x64.Build.0 = Release|x64
		{19391D51-7420-4FA2-AA41-775AB6820B51}.Release|x86.ActiveCfg = Release|Win32
		{19391D51-7420-4FA2-AA41-775AB6820B51}.Release|x86.Build.0 = Release|Win32
		{268EF05D-0680-402D-B7AE-94D9ED3A2B9F}.Debug|x64.ActiveCfg = Debug|x64
		{268EF05D-0680-402D-B7AE-94D9ED3A2B9F}.Debug|x64.Build.0 = Debug|x64
		{268EF05D-0680-402D-B7AE-94D9ED3A2B9F}.Debug|x86.ActiveCfg = Debug|Win32
		{268EF05D-0680-402D-B7AE-94D9ED3A2B9F}.Debug|x86.Build.0 = Debug|Win32
		{268EF05D-0680-402D-B7AE-94D9ED3A2B9F}.Release|x64.ActiveCfg = Release|x64
		{268EF05D-0680-402D-B7AE-94D9ED3A2B9F}.Release|x64.Build.0 = Release|x64
		{268EF05D-0680-402D-B7AE-94D9ED3A2B9F}.Release|x86.ActiveCfg = Release|Win32
		{268EF05D-0680-402D-B7AE-94D9ED3A2B9F}.Release|x86.Build.0 = Release|Win32
		{C8EB35B2-29FF-4156-B066-514D0BFF6B0A}.Debug|x64.ActiveCfg = Debug|x64
		{C8EB35B2-29FF-4156-B066-514D0BFF6B0A}.Debug|x64.Build.0 = Debug|x64
		{C8EB35B2-29FF-4156-B066-514D0BFF6B0A}.Debug|x86.ActiveCfg = Debug|Win32
		{C8EB35B2-29FF-4156-B066-514D0BFF6B0A}.Debug|x86.Build.0 = Debug|Win32
		{C8EB35B2-29FF-4156-B066-514D0BFF6B0A}.Release|x64.ActiveCfg = Release|x64
		{C8EB35B2-29FF-4156-B066-514D0BFF6B0A}.Release|x64.Build.0 = Release|x64
		{C8EB35B2-29FF-4156-B066-514D0BFF6B0A}.Release|x86.ActiveCfg = Release|Win32
		{C8EB35B2-29FF-4156-B066-514D0BFF6B0A}.Release|x86.Build.0 = Release|Win32
		{CF1AD0BB-A05D-4C06-A504-7F3326A32AF1}.Debug|x64.ActiveCfg = Debug|x64
		{CF1AD0BB-A05D-4C06-A504-7F3326A32AF1}.Debug|x64.Build.0 = Debug|x64
		{CF1AD0BB-A05D-4C06-A504-7F3326A32AF1}.Debug|x86.ActiveCfg = Debug|Win32
		{CF1AD0BB-A05D-4C06-A504-7F3326A32AF1}.Debug|x86.Build.0 = Debug|Win32
		{CF1AD0BB-A05D-4C06-A504-7F3326A32AF1}.Release|x64.ActiveCfg = Release|x64
		{CF1AD0BB-A05D-4C06-A504-7F3326A32AF1}.Release|x64.Build.0 = Release|x64
		{CF1AD0BB-A05D-4C06-A504-7F3326A32AF1}.Release|x86.ActiveCfg = Release|Win32
		{CF1AD0BB-A05D-4C06-A504-7F3326A32AF1}.Release|x86.Build.0 = Release|Win32
		{C06B96AC-CF5A-40C7-BB6D-424ABF8CBD11}.Debug|x64.ActiveCfg = Debug|x64
		{C06B96AC-CF5A-40C7-BB6D-424ABF8CBD11}.Debug|x64.Build.0 = Debug|x64
		{C06B96AC-CF5A-40C7-BB6D-424ABF8CBD11}.Debug|x86.ActiveCfg = Debug|Win32
		{C06B96AC-CF5A-40C7-BB6D-424ABF8CBD11}.Debug|x86.Build.0 = Debug|Win32
		{C06B96AC-CF5A-40C7-BB6D-424ABF8CBD11}.Release|x64.ActiveCfg = Release|x64
		{C06B96AC-CF5A-40C7-BB6D-424ABF8CBD11}.Release|x64.Build.0 = Release|x64
		{C06B96AC-CF5A-40C7-BB6D-424ABF8CBD11}.Release|x86.ActiveCfg = Release|Win32
		{C06B96AC-CF5A-40C7-BB6D-424ABF8CBD11}.Release|x86.Build.0 = Release|Win32
		{3E0BCDF9-A141-40EF-A436-C06C0EFCAD84}.Debug|x64.ActiveCfg = Debug|x64
		{3E0BCDF9-A141-40EF-A436-C06C0EFCAD84}.Debug|x64.Build.0 = Debug|x64
		{3E0BCDF9-A141-40EF-A436-C06C0EFCAD84}.Debug|x86.ActiveCfg = Debug|Win32
		{3E0BCDF9-A141-40EF-A436-C06C0EFCAD84}.Debug|x86.Build.0 = Debug|Win32
		{3E0BCDF9-A141-40EF-A436-C06C0EFCAD84}.Release|x64.ActiveCfg = Release|x64
		{3E0BCDF9-A141-40EF-A436-C06C0EFCAD84}.Release|x64.Build.0 = Release|x64
		{3E0BCDF9-A141-40EF-A436-C06C0EFCAD84}.Release|x86.ActiveCfg = Release|Win32
		{3E0BCDF9-A141-40EF-A436-C06C0EFCAD84}.Release|x86.Build.0 = Release|Win32
		{E6C86E12-CC6F-419B-A849-BE25E7186D17}.Debug|x64.ActiveCfg = Debug|x64
		{E6C86E12-CC6F-419B-A849-BE25E7186D17}.Debug|x64.Build.0 = Debug|x64
		{E6C86E12-CC6F-419B-A849-BE25E7186D17}.Debug|x86.ActiveCfg = Debug|Win32
		{E6C86E12-CC6F-419B-A849-BE25E7186D17}.Debug|x86.Build.0 = Debug|Win32
		{E6C86E12-CC6F-419B-A849-BE25E7186D17}.Release|x64.ActiveCfg = Release|x64
		{E6C86E12-CC6F-419B-A849-BE25E7186D17}.Release|x64.Build.0 = Release|x64
		{E6C86E12-CC6F-419B-A849-BE25E7186D17}.Release|x86.ActiveCfg = Release|Win32
		{E6C86E12-CC6F-419B-A849-BE25E7186D17}.Release|x86.Build.0 = Release|Win32
		{6A1B6110-9240-43CE-BE28-3353C5D70162}.Debug|x64.ActiveCfg = Debug|x64
		{6A1B6110-9240-43CE-BE28-3353C5D70162}.Debug|x64.Build.0 = Debug|x64
		{6A1B6110-9240-43CE-BE28-3353C5D70162}.Debug|x86.ActiveCfg = Debug|Win32
		{6A1B6110-9240-43CE-BE28-3353C5D70162}.Debug|x86.Build.0 = Debug|Win32
		{6A1B6110-9240-43CE-BE28-3353C5D70162}.Release|x64.ActiveCfg = Release|x64
		{6A1B6110-9240-43CE-BE28-3353C5D70162}.Release|x64.Build.0 = Release|x64
		{6A1B6110-9240-43CE-BE28-3353C5D70162}.Release|x86.ActiveCfg = Release|Win32
		{6A1B6110-9240-43CE-BE28-3353C5D70162}.Release|x86.Build.0 = Release|Win32
		{F2B4BDB6-3462-4042-B1BF-3D4FE8292DBE}.Debug|x64.ActiveCfg = Debug|x64
		{F2B4BDB6-3462-4042-B1BF-3D4FE8292DBE}.Debug|x64.Build.0 = Debug|x64
		{F2B4BDB6-3462-4042-B1BF-3D4FE8292DBE}.Debug|x86.ActiveCfg = Debug|Win32
		{F2B4BDB6-3462-4042-B1BF-3D4FE8292DBE}.Debug|x86.Build.0 = Debug|Win32
		{F2B4BDB6-3462-4042-B1BF-3D4FE8292DBE}.Release|x64.ActiveCfg = Release|x64
		{F2B4BDB6-3462-4042-B1BF-3D4FE8292DBE}.Release|x64.Build.0 = Release|x64
		{F2B4BDB6-3462-4042-B1BF-3D4FE8292DBE}.Release|x86.ActiveCfg = Release|Win32
		{F2B4BDB6-3462-4042-B1BF-3D4FE8292DBE}.Release|x86.Build.0 = Release|Win32
		{4CA5CCB7-20D9-48CC-A3E8-CB45DDCE79A0}.Debug|x64.ActiveCfg = Debug|x64
		{4CA5CCB7-20D9-48CC-A3E8-CB45DDCE79A0}.Debug|x64.Build.0 = Debug|x64
		{4CA5CCB7-20D9-48CC-A3E8-CB45DDCE79A0}.Debug|x86.ActiveCfg = Debug|Win32
		{4CA5CCB7-20D9-48CC-A3E8-CB45DDCE79A0}.Debug|x86.Build.0 = Debug|Win32
		{4CA5CCB7-20D9-48CC-A3E8-CB45DDCE79A0}.Release|x64.ActiveCfg = Release|x64
		{4CA5CCB7-20D9-48CC-A3E8-CB45DDCE79A0}.Release|x64.Build.0 = Release|x64
		{4CA5CCB7-20D9-48CC-A3E8-CB45DDCE79A0}.Release|x86.ActiveCfg = Release|Win32
		{4CA5CCB7-20D9-48CC-A3E8-CB45DDCE79A0}.Release|x86.Build.0 = Release|Win32
		{788ACCF3-F31F-4C70-8F8A-07FA149E0D74}.Debug|x64.ActiveCfg = Debug|x64
		{788ACCF3-F31F-4C70-8F8A-07FA149E0D74}.Debug|x64.Build.0 = Debug|x64
		{788ACCF3-F31F-4C70-8F8A-07FA149E0D74}.Debug|x86.ActiveCfg = Debug|Win32
		{788ACCF3-F31F-4C70-8F8A-07FA149E0D74}.Debug|x86.Build.0 = Debug|Win32
		{788ACCF3-F31F-4C70-8F8A-07FA149E0D74}.Release|x64.ActiveCfg = Release|x64
		{788ACCF3-F31F-4C70-8F8A-07FA149E0D74}.Release|x64.Build.0 = Release|x64
		{788ACCF3-F31F-4C70-8F8A-07FA149E0D74}.Release|x86.ActiveCfg = Release|Win32
		{788ACCF3-F31F-4C70-8F8A-07FA149E0D74}.Release|x86.Build.0 = Release|Win32
		{F3831687-9092-41EE-9A98-D93F344CDAAB}.Debug|x64.ActiveCfg = Debug|x64
		{F3831687-9092-41EE-9A98-D93F344CDAAB}.Debug|x64.Build.0 = Debug|x64
		{F3831687-9092-41EE-9A98-D93F344CDAAB}.Debug|x86.ActiveCfg = Debug|Win32
		{F3831687-9092-41EE-9A98-D93F344CDAAB}.Debug|x86.Build.0 = Debug|Win32
		{F3831687-9092-41EE-9A98-D93F344CDAAB}.Release|x64.ActiveCfg = Release|x64
		{F3831687-9092-41EE-9A98-D93F344CDAAB}.Release|x64.Build.0 = Release|x64
		{F3831687-9092-41EE-9A98-D93F344CDAAB}.Release|x86.ActiveCfg = Release|Win32
		{F3831687-9092-41EE-9A98-D93F344CDAAB}.Release|x86.Build.0 = Release|Win32
		{8FEE0AFA-935E-4C75-AFAE-633C8E727BAC}.Debug|x64.ActiveCfg = Debug|x64
		{8FEE0AFA-935E-4C75-AFAE-633C8E727BAC}.Debug|x64.Build.0 = Debug|x64
		{8FEE0AFA-935E-4C75-AFAE-633C8E727BAC}.Debug|x86.ActiveCfg = Debug|Win32
		{8FEE0AFA-935E-4C75-AFAE-633C8E727BAC}.Debug|x86.Build.0 = Debug|Win32
		{8FEE0AFA-935E-4C75-AFAE-633C8E727BAC}.Release|x64.ActiveCfg = Release|x64
		{8FEE0AFA-935E-4C75-AFAE-633C8E727BAC}.Release|x64.Build.0 = Release|x64
		{8FEE0AFA-935E-4C75-AFAE-633C8E727BAC}.Release|x86.ActiveCfg = Release|Win32
		{8FEE0AFA-935E-4C75-AFAE-633C8E727BAC}.Release|x86.Build.0 = Release|Win32
		{10FFBCF7-7C5A-492B-8983-48AB372965D5}.Debug|x64.ActiveCfg = Debug|x64
		{10FFBCF7-7C5A-492B-8983-48AB372965D5}.Debug|x64.Build.0 = Debug|x64
		{10FFBCF7-7C5A-492B-8983-48AB372965D5}.Debug|x86.ActiveCfg = Debug|Win32
		{10FFBCF7-7C5A-492B-8983-48AB372965D5}.Debug|x86.Build.0 = Debug|Win32
		{10FFBCF7-7C5A-492B-8983-48AB372965D5}.Release|x64.ActiveCfg = Release|x64
		{10FFBCF7-7C5A-492B-8983-48AB372965D5}.Release|x64.Build.0 = Release|x64
		{10FFBCF7-7C5A-492B-8983-48AB372965D5}.Release|x86.ActiveCfg = Release|Win32
		{10FFBCF7-7C5A-492B-8983-48AB372965D5}.Release|x86.Build.0 = Release|Win32
		{2B3F8D07-F6A0-4634-B10F-3AE4A2F183AF}.Debug|x64.ActiveCfg = Debug|x64
		{2B3F8D07-F6A0-4634-B10F-3AE4A2F183AF}.Debug|x64.Build.0 = Debug|x64
		{2B3F8D07-F6A0-4634-B10F-3AE4A2F183AF}.Debug|x86.ActiveCfg = Debug|Win32
		{2B3F8D07-F6A0-4634-B10F-3AE4A2F183AF}.Debug|x86.Build.0 = Debug|Win32
		{2B3F8D07-F6A0-4634-B10F-3AE4A2F183AF}.Release|x64.ActiveCfg = Release|x64
		{2B3F8D07-F6A0-4634-B10F-3AE4A2F183AF}.Release|x64.Build.0 = Release|x64
		{2B3F8D07-F6A0-4634-B10F-3AE4A2F183AF}.Release|x86.ActiveCfg = Release|Win32
		{2B3F8D07-F6A0-4634-B10F-3AE4A2F183AF}.Release|x86.Build.0 = Release|Win32
		{C9FAE2E6-CA63-48A6-8948-2967E4E886AF}.Debug|x64.ActiveCfg = Debug|x64
		{C9FAE2E6-CA63-48A6-8948-2967E4E886AF}.Debug|x64.Build.0 = Debug|x64
		{C9FAE2E6-CA63-48A6-8948-2967E4E886AF}.Debug|x86.ActiveCfg = Debug|Win32
		{C9FAE2E6-CA63-48A6-8948-2967E4E886AF}.Debug|x86.Build.0 = Debug|Win32
		{C9FAE2E6-CA63-48A6-8948-2967E4E886AF}.Release|x64.ActiveCfg = Release|x64
		{C9FAE2E6-CA63-48A6-8948-2967E4E886AF}.Release|x64.Build.0 = Release|x64
		{C9FAE2E6-CA63-48A6-8948-2967E4E886AF}.Release|x86.ActiveCfg = Release|Win32
		{C9FAE2E6-CA63-48A6-8948-2967E4E886AF}.Release|x86.Build.0 = Release|Win32
		{9E6C564D-20FD-447B-9230-EFC0EC1124EC}.Debug|x64.ActiveCfg = Debug|x64
		{9E6C564D-20FD-447B-9230-EFC0EC1124EC}.Debug|x64.Build.0 = Debug|x64
		{9E6C564D-20FD-447B-9230-EFC0EC1124EC}.Debug|x86.ActiveCfg = Debug|Win32
		{9E6C564D-20FD-447B-9230-EFC0EC1124EC}.Debug|x86.Build.0 = Debug|Win32
		{9E6C564D-20FD-447B-9230-EFC0EC1124EC}.Release|x64.ActiveCfg = Release|x64
		{9E6C564D-20FD-447B-9230-EFC0EC1124EC}.Release|x64.Build.0 = Release|x64
		{9E6C564D-20FD-447B-9230-EFC0EC1124EC}.Release|x86.ActiveCfg = Release|Win32
		{9E6C564D-20FD-447B-9230-EFC0EC1124EC}.Release|x86.Build.0 = Release|Win32
		{C62C6792-457A-4787-A93A-A4871A0723E4}.Debug|x64.ActiveCfg = Debug|x64
		{C62C6792-457A-4787-A93A-A4871A0723E4}.Debug|x64.Build.0 = Debug|x64
		{C62C6792-457A-4787-A93A-A4871A0723E4}.Debug|x86.ActiveCfg = Debug|Win32
		{C62C6792-457A-4787-A93A-A4871A0723E4}.Debug|x86.Build.0 = Debug|Win32
		{C62C6792-457A-4787-A93A-A4871A0723E4}.Release|x64.ActiveCfg = Release|x64
		{C62C6792-457A-4787-A93A-A4871A0723E4}.Release|x64.Build.0 = Release|x64
		{C62C6792-457A-4787-A93A-A4871A0723E4}.Release|x86.ActiveCfg = Release|Win32
		{C62C6792-457A-4787-A93A-A4871A0723E4}.Release|x86.Build.0 = Release|Win32
		{D7022467-81DF-4397-A2DA-B9FCFCE64A7B}.Debug|x64.ActiveCfg = Debug|x64
		{D7022467-81DF-4397-A2DA-B9FCFCE64A7B}.Debug|x64.Build.0 = Debug|x64
		{D7022467-81DF-4397-A2DA-B9FCFCE64A7B}.Debug|x86.ActiveCfg = Debug|Win32
		{D7022467-81DF-4397-A2DA-B9FCFCE64A7B}.Debug|x86.Build.0 = Debug|Win32
		{D7022467-81DF-4397-A2DA-B9FCFCE64A7B}.Release|x64.ActiveCfg = Release|x64
		{D7022467-81DF-4397-A2DA-B9FCFCE64A7B}.Release|x64.Build.0 = Release|x64
		{D7022467-81DF-4397-A2DA-B9FCFCE64A7B}.Release|x86.ActiveCfg = Release|Win32
		{D7022467-81DF-4397-A2DA-B9FCFCE64A7B}.Release|x86.Build.0 = Release|Win32
		{80E1E9DA-423B-4A0E-8637-E40DE9134E08}.Debug|x64.ActiveCfg = Debug|x64
		{80E1E9DA-423B-4A0E-8637-E40DE9134E08}.Debug|x64.Build.0 = Debug|x64
		{80E1E9DA-423B-4A0E-8637-E40DE9134E08}.Debug|x86.ActiveCfg = Debug|Win32
		{80E1E9DA-423B-4A0E-8637-E40DE9134E08}.Debug|x86.Build.0 = Debug|Win32
		{80E1E9DA-423B-4A0E-8637-E40DE9134E08}.Release|x64.ActiveCfg = Release|x64
		{80E1E9DA-423B-4A0E-8637-E40DE9134E08}.Release|x64.Build.0 = Release|x64
		{80E1E9DA-423B-4A0E-8637-E40DE9134E08}.Release|x86.ActiveCfg = Release|Win32
		{80E1E9DA-423B-4A0E-8637-E40DE9134E08}.Release|x86.Build.0 = Release|Win32
		{4A4BC1DA-FF57-4294-9F8A-047DB8607B3F}.Debug|x64.ActiveCfg = Debug|x64
		{4A4BC1DA-FF57-4294-9F8A-047DB8607B3F}.Debug|x64.Build.0 = Debug|x64
		{4A4BC1DA-FF57-4294-9F8A-047DB8607B3F}.Debug|x86.ActiveCfg = Debug|Win32
		{4A4BC1DA-FF57-4294-9F8A-047DB8607B3F}.Debug|x86.Build.0 = Debug|Win32
		{4A4BC1DA-FF57-4294-9F8A-047DB8607B3F}.Release|x64.ActiveCfg = Release|x64
		{4A4BC1DA-FF57-4294-9F8A-047DB8607B3F}.Release|x64.Build.0 = Release|x64
		{4A4BC1DA-FF57-4294-9F8A-047DB8607B3F}.Release|x86.ActiveCfg = Release|Win32
		{4A4BC1DA-FF57-4294-9F8A-047DB8607B3F}.Release|x86.Build.0 = Release|Win32
		{3E5BFCAF-6ACB-43CF-9210-F6F504809F28}.Debug|x64.ActiveCfg = Debug|x64
		{3E5BFCAF-6ACB-43CF-9210-F6F504809F28}.Debug|x64.Build.0 = Debug|x64
		{3E5BFCAF-6ACB-43CF-9210-F6F504809F28}.Debug|x86.ActiveCfg = Debug|Win32
		{3E5BFCAF-6ACB-43CF-9210-F6F504809F28}.Debug|x86.Build.0 = Debug|Win32
		{3E5BFCAF-6ACB-43CF-9210-F6F504809F28}.Release|x64.ActiveCfg = Release|x64
		{3E5BFCAF-6ACB-43CF-9210-F6F504809F28}.Release|x64.Build.0 = Release|x64
		{3E5BFCAF-6ACB-43CF-9210-F6F504809F28}.Release|x86.ActiveCfg = Release|Win32
		{3E5BFCAF-6ACB-43CF-9210-F6F504809F28}.Release|x86.Build.0 = Release|Win32
		{EFFE2039-3B69-456D-8E49-65B8DFEBEE14}.Debug|x64.ActiveCfg = Debug|x64
		{EFFE2039-3B69-456D-8E49-65B8DFEBEE14}.Debug|x64.Build.0 = Debug|x64
		{EFFE2039-3B69-456D-8E49-65B8DFEBEE14}.Debug|x86.ActiveCfg = Debug|Win32
		{EFFE2039-3B69-456D-8E49-65B8DFEBEE14}.Debug|x86.Build.0 = Debug|Win32
		{EFFE2039-3B69-456D-8E49-65B8DFEBEE14}.Release|x64.ActiveCfg = Release|x64
		{EFFE2039-3B69-456D-8E49-65B8DFEBEE14}.Release|x64.Build.0 = Release|x64
		{EFFE2039-3B69-456D-8E49-65B8DFEBEE14}.Release|x86.ActiveCfg = Release|Win32
		{EFFE2039-3B69-456D-8E49-65B8DFEBEE14}.Release|x86.Build.0 = Release|Win32
		{4FEE0CC0-1343-4F81-8F93-4CFE3B98E1D8}.Debug|x64.ActiveCfg = Debug|x64
		{4FEE0CC0-1343-4F81-8F93-4CFE3B98E1D8}.Debug|x64.Build.0 = Debug|x64
		{4FEE0CC0-1343-4F81-8F93-4CFE3B98E1D8}.Debug|x86.ActiveCfg = Debug|Win32
		{4FEE0CC0-1343-4F81-8F93-4CFE3B98E1D8}.Debug|x86.Build.0 = Debug|Win32
		{4FEE0CC0-1343-4F81-8F93-4CFE3B98E1D8}.Release|x64.ActiveCfg = Release|x64
		{4FEE0CC0-1343-4F81-8F93-4CFE3B98E1D8}.Release|x64.Build.0 = Release|x64
		{4FEE0CC0-1343-4F81-8F93-4CFE3B98E1D8}.Release|x86.ActiveCfg = Release|Win32
		{4FEE0CC0-1343-4F81-8F93-4CFE3B98E1D8}.Release|x86.Build.0 = Release|Win32
		{3AF2B133-29DE-4F0B-AD6B-2BFF77577E58}.Debug|x64.ActiveCfg = Debug|x64
		{3AF2B133-29DE-4F0B-AD6B-2BFF77577E58}.Debug|x64.Build.0 = Debug|x64
		{3AF2B133-29DE-4F0B-AD6B-2BFF77577E58}.Debug|x86.ActiveCfg = Debug|Win32
		{3AF2B133-29DE-4F0B-AD6B-2BFF77577E58}.Debug|x86.Build.0 = Debug|Win32
		{3AF2B133-29DE-4F0B-AD6B-2BFF77577E58}.Release|x64.ActiveCfg = Release|x64
		{3AF2B133-29DE-4F0B-AD6B-2BFF77577E58}.Release|x64.Build.0 = Release|x64
		{3AF2B133-29DE-4F0B-AD6B-2BFF77577E58}.Release|x86.ActiveCfg = Release|Win32
		{3AF2B133-29DE-4F0B-AD6B-2BFF77577E58}.Release|x86.Build.0 = Release|Win32
		{33228CC9-2C07-46E1-B372-054031A77C3D}.Debug|x64.ActiveCfg = Debug|x64
		{33228CC9-2C07-46E1-B372-054031A77C3D}.Debug|x64.Build.0 = Debug|x64
		{33228CC9-2C07-46E1-B372-054031A77C3D}.Debug|x86.ActiveCfg = Debug|Win32
		{33228CC9-2C07-46E1-B372-054031A77C3D}.Debug|x86.Build.0 = Debug|Win32
		{33228CC9-2C07-46E1-B372-054031A77C3D}.Release|x64.ActiveCfg = Release|x64
		{33228CC9-2C07-46E1-B372-054031A77C3D}.Release|x64.Build.0 = Release|x64
		{33228CC9-2C07-46E1-B372-054031A77C3D}.Release|x86.ActiveCfg = Release|Win32
		{33228CC9-2C07-46E1-B372-054031A77C3D}.Release|x86.Build.0 = Release|Win32
		{1A51BA70-0462-4756-B24F-B89CE547EBAD}.Debug|x64.ActiveCfg = Debug|x64
		{1A51BA70-0462-4756-B24F-B89CE547EBAD}.Debug|x64.Build.0 = Debug|x64
		{1A51BA70-0462-4756-B24F-B89CE547EBAD}.Debug|x86.ActiveCfg = Debug|Win32
		{1A51BA70-0462-4756-B24F-B89CE547EBAD}.Debug|x86.Build.0 = Debug|Win32
		{1A51BA70-0462-4756-B24F-B89CE547EBAD}.Release|x64.ActiveCfg = Release|x64
		{1A51BA70-0462-4756-B24F-B89CE547EBAD}.Release|x64.Build.0 = Release|x64
		{1A51BA70-0462-4756-B24F-B89CE547EBAD}.Release|x86.ActiveCfg = Release|Win32
		{1A51BA70-0462-4756-B24F-B89CE547EBAD}.Release|x86.Build.0 = Release|Win32
		{EAC1A1E7-DD9F-4603-9AE9-918CB361B470}.Debug|x64.ActiveCfg = Debug|x64
		{EAC1A1E7-DD9F-4603-9AE9-918CB361B470}.Debug|x64.Build.0 = Debug|x64
		{EAC1A1E7-DD9F-4603-9AE9-918CB361B470}.Debug|x86.ActiveCfg = Debug|Win32
		{EAC1A1E7-DD9F-4603-9AE9-918CB361B470}.Debug|x86.Build.0 = Debug|Win32
		{EAC1A1E7-DD9F-4603-9AE9-918CB361B470}.Release|x64.ActiveCfg = Release|x64
		{EAC1A1E7-DD9F-4603-9AE9-918CB361B470}.Release|x64.Build.0 = Release|x64
		{EAC1A1E7-DD9F-4603-9AE9-918CB361B470}.Release|x86.ActiveCfg = Release|Win32
		{EAC1A1E7-DD9F-4603-9AE9-918CB361B470}.Release|x86.Build.0 = Release|Win32
		{436DA009-F17F-4407-A80D-B616AB0C3109}.Debug|x64.ActiveCfg = Debug|x64
		{436DA009-F17F-4407-A80D-B616AB0C3109}.Debug|x64.Build.0 = Debug|x64
		{436DA009-F17F-4407-A80D-B616AB0C3109}.Debug|x86.ActiveCfg = Debug|Win32
		{436DA009-F17F-4407-A80D-B616AB0C3109}.Debug|x86.Build.0 = Debug|Win32
		{436DA009-F17F-4407-A80D-B616AB0C3109}.Release|x64.ActiveCfg = Release|x64
		{436DA009-F17F-4407-A80D-B616AB0C3109}.Release|x64.Build.0 = Release|x64
		{436DA009-F17F-4407-A80D-B616AB0C3109}.Release|x86.ActiveCfg = Release|Win32
		{436DA009-F17F-4407-A80D-B616AB0C3109}.Release|x86.Build.0 = Release|Win32
		{5C6FCCD4-0E9E-43C9-8509-E596D9864825}.Debug|x64.ActiveCfg = Debug|x64
		{5C6FCCD4-0E9E-43C9-8509-E596D9864825}.Debug|x64.Build.0 = Debug|x64
		{5C6FCCD4-0E9E-43C9-8509-E596D9864825}.Debug|x86.ActiveCfg = Debug|Win32
		{5C6FCCD4-0E9E-43C9-8509-E596D9864825}.Debug|x86.Build.0 = Debug|Win32
		{5C6FCCD4-0E9E-43C9-8509-E596D9864825}.Release|x64.ActiveCfg = Release|x64
		{5C6FCCD4-0E9E-43C9-8509-E596D9864825}.Release|x64.Build.0 = Release|x64
		{5C6FCCD4-0E9E-43C9-8509-E596D9864825}.Release|x86.ActiveCfg = Release|Win32
		{5C6FCCD4-0E9E-43C9-8509-E596D9864825}.Release|x86.Build.0 = Release|Win32
		{C3144388-B8DE-4876-BAD1-4E5937109CA4}.Debug|x64.ActiveCfg = Debug|x64
		{C3144388-B8DE-4876-BAD1-4E5937109CA4}.Debug|x64.Build.0 = Debug|x64
		{C3144388-B8DE-4876-BAD1-4E5937109CA4}.Debug|x86.ActiveCfg = Debug|Win32
		{C3144388-B8DE-4876-BAD1-4E5937109CA4}.Debug|x86.Build.0 = Debug|Win32
		{C3144388-B8DE-4876-BAD1-4E5937109CA4}.Release|x64.ActiveCfg = Release|x64
		{C3144388-B8DE-4876-BAD1-4E5937109CA4}.Release|x64.Build.0 = Release|x64
		{C3144388-B8DE-4876-BAD1-4E5937109CA4}.Release|x86.ActiveCfg = Release|Win32
		{C3144388-B8DE-4876-BAD1-4E5937109CA4}.Release|x86.Build.0 = Release|Win32
	EndGlobalSection
	GlobalSection(SolutionProperties) = preSolution
		HideSolutionNode = FALSE
	EndGlobalSection
	GlobalSection(ExtensibilityGlobals) = postSolution
		SolutionGuid = {678937DD-7BDB-46DC-9AED-4BB0AD93F0FD}
	EndGlobalSection
EndGlobal
