
Microsoft Visual Studio Solution File, Format Version 12.00
# Visual Studio Version 17
VisualStudioVersion = 17.13.35828.75
MinimumVisualStudioVersion = 10.0.40219.1
Project("{8BC9CEB8-8B4A-11D0-8D11-00A0C91BC942}") = "L02_BreakpointsAndMemoryValues", "L02_BreakpointsAndMemoryValues\L02_BreakpointsAndMemoryValues.vcxproj", "{49B5195C-2236-4445-AFDE-8D6A1804278A}"
EndProject
Project("{8BC9CEB8-8B4A-11D0-8D11-00A0C91BC942}") = "L03_MoreAboutBreakpoints", "L03_MoreAboutBreakpoints\L03_MoreAboutBreakpoints.vcxproj", "{173D4932-88C7-468B-9730-E1AD8D3995B6}"
EndProject
Project("{8BC9CEB8-8B4A-11D0-8D11-00A0C91BC942}") = "L04_AutosWindow", "L04_AutosWindow\L04_AutosWindow.vcxproj", "{7E00807B-9B34-4AA8-893C-84F8FE74C911}"
EndProject
Project("{8BC9CEB8-8B4A-11D0-8D11-00A0C91BC942}") = "L05_QuickWatchWindow", "L05_QuickWatchWindow\L05_QuickWatchWindow.vcxproj", "{6F672011-D978-4B98-8CC1-10B932BA6762}"
EndProject
Project("{8BC9CEB8-8B4A-11D0-8D11-00A0C91BC942}") = "L06_ChangingValuesDuringRuntime", "L06_ChangingValuesDuringRuntime\L06_ChangingValuesDuringRuntime.vcxproj", "{6769F08F-0177-49F4-A33D-71BB8B728880}"
EndProject
Project("{8BC9CEB8-8B4A-11D0-8D11-00A0C91BC942}") = "L07_StepInto_Over_Out", "L07_StepInto_Over_Out\L07_StepInto_Over_Out.vcxproj", "{91A0A994-9E52-49F1-B1D2-935CB3AFA601}"
EndProject
Project("{8BC9CEB8-8B4A-11D0-8D11-00A0C91BC942}") = "L08_CreateYourOwnLibrary", "L08_CreateYourOwnLibrary\L08_CreateYourOwnLibrary.vcxproj", "{7E922CB5-BA68-40E9-AE87-A864BF6D1CDF}"
EndProject
Project("{8BC9CEB8-8B4A-11D0-8D11-00A0C91BC942}") = "L09_TernaryOperator", "L09_TernaryOperator\L09_TernaryOperator.vcxproj", "{A1A4ED4E-52B9-467C-BA5C-EE31D7D65C9E}"
EndProject
Project("{8BC9CEB8-8B4A-11D0-8D11-00A0C91BC942}") = "L10_RangedLoop", "L10_RangedLoop\L10_RangedLoop.vcxproj", "{6A5A3520-7E66-4CEC-A26C-719610B9C549}"
EndProject
Project("{8BC9CEB8-8B4A-11D0-8D11-00A0C91BC942}") = "L11_ValidateNumber", "L11_ValidateNumber\L11_ValidateNumber.vcxproj", "{0994264E-FAD4-438F-8E43-8657D31E86FB}"
EndProject
Project("{8BC9CEB8-8B4A-11D0-8D11-00A0C91BC942}") = "L12_BitwiseAndOperator", "L12_BitwiseAndOperator\L12_BitwiseAndOperator.vcxproj", "{05D81668-5628-4526-9B95-F921E311988C}"
EndProject
Project("{8BC9CEB8-8B4A-11D0-8D11-00A0C91BC942}") = "L13_BitwiseOrOperator", "L13_BitwiseOrOperator\L13_BitwiseOrOperator.vcxproj", "{C4F1AF4F-6697-4E54-B826-9E2A1FBBF030}"
EndProject
Project("{8BC9CEB8-8B4A-11D0-8D11-00A0C91BC942}") = "L14_DeclarationVsDefinition", "L14_DeclarationVsDefinition\L14_DeclarationVsDefinition.vcxproj", "{0C6A6B33-E290-45B3-9504-591CF5AE60E6}"
EndProject
Project("{8BC9CEB8-8B4A-11D0-8D11-00A0C91BC942}") = "L15_DefaultParameters", "L15_DefaultParameters\L15_DefaultParameters.vcxproj", "{347D2538-D97F-4870-AB29-60C721B0C83F}"
EndProject
Project("{8BC9CEB8-8B4A-11D0-8D11-00A0C91BC942}") = "L16_FunctionOverloading", "L16_FunctionOverloading\L16_FunctionOverloading.vcxproj", "{C73922A5-1EC6-4EDF-854E-7E6F822A786C}"
EndProject
Project("{8BC9CEB8-8B4A-11D0-8D11-00A0C91BC942}") = "L17_CallStack_CallHierarchy", "L17_CallStack_CallHierarchy\L17_CallStack_CallHierarchy.vcxproj", "{990584B9-4B9E-4253-8AE6-002BA487BC5B}"
EndProject
Project("{8BC9CEB8-8B4A-11D0-8D11-00A0C91BC942}") = "L18_VsFunctionTips", "L18_VsFunctionTips\L18_VsFunctionTips.vcxproj", "{58A9BA76-D078-4E67-B073-2BF2FA624104}"
EndProject
Project("{8BC9CEB8-8B4A-11D0-8D11-00A0C91BC942}") = "L19_Recursion", "L19_Recursion\L19_Recursion.vcxproj", "{E706A814-CA1B-4F9A-A9EE-2AA7D8784705}"
EndProject
Project("{8BC9CEB8-8B4A-11D0-8D11-00A0C91BC942}") = "L20_StaticVariable", "L20_StaticVariable\L20_StaticVariable.vcxproj", "{2382FBEE-272D-4392-B18B-0387CB31760F}"
EndProject
Project("{8BC9CEB8-8B4A-11D0-8D11-00A0C91BC942}") = "L21_AutomaticVariables", "L21_AutomaticVariables\L21_AutomaticVariables.vcxproj", "{0896969C-C22A-4390-A03D-A6DC4F4BDE80}"
EndProject
Project("{8BC9CEB8-8B4A-11D0-8D11-00A0C91BC942}") = "L22_RegisterVariables", "L22_RegisterVariables\L22_RegisterVariables.vcxproj", "{6AC6036E-F97D-4A8F-9103-A0004CE46530}"
EndProject
Project("{8BC9CEB8-8B4A-11D0-8D11-00A0C91BC942}") = "L23_IntegerFormat_Printf", "L23_IntegerFormat_Printf\L23_IntegerFormat_Printf.vcxproj", "{65388526-CFAB-483C-B3E2-10EA63FB60A1}"
EndProject
Project("{8BC9CEB8-8B4A-11D0-8D11-00A0C91BC942}") = "L24_FloatFormatting_Printf", "L24_FloatFormatting_Printf\L24_FloatFormatting_Printf.vcxproj", "{7F951CC3-8D62-45DC-8BF5-4A253BC224F8}"
EndProject
Project("{8BC9CEB8-8B4A-11D0-8D11-00A0C91BC942}") = "L25_StringAndCharacterFormatting", "L25_StringAndCharacterFormatting\L25_StringAndCharacterFormatting.vcxproj", "{9E0F9CA7-F94C-406C-AB4C-74010094BFA6}"
EndProject
Project("{8BC9CEB8-8B4A-11D0-8D11-00A0C91BC942}") = "L26_SetwManipulator", "L26_SetwManipulator\L26_SetwManipulator.vcxproj", "{B863C549-CFC1-434E-AD60-1308542BF4FA}"
EndProject
Project("{8BC9CEB8-8B4A-11D0-8D11-00A0C91BC942}") = "L27_2DimensionalArrays", "L27_2DimensionalArrays\L27_2DimensionalArrays.vcxproj", "{DDB1378B-79B5-46C2-9173-19DD1682EEB8}"
EndProject
Project("{8BC9CEB8-8B4A-11D0-8D11-00A0C91BC942}") = "L28_IntroductionToVectors", "L28_IntroductionToVectors\L28_IntroductionToVectors.vcxproj", "{B8231A8F-7D25-4FFF-9DF7-F5F7FFD1CE13}"
EndProject
Project("{8BC9CEB8-8B4A-11D0-8D11-00A0C91BC942}") = "L29_AddElementsToVector", "L29_AddElementsToVector\L29_AddElementsToVector.vcxproj", "{8F1FD311-C8C9-4A63-A6F5-531AD730403D}"
EndProject
Project("{8BC9CEB8-8B4A-11D0-8D11-00A0C91BC942}") = "L30_VectorOfStructre", "L30_VectorOfStructre\L30_VectorOfStructre.vcxproj", "{D8CCBBBB-0BB8-411D-BABB-FBC43EDA4B9C}"
EndProject
Project("{8BC9CEB8-8B4A-11D0-8D11-00A0C91BC942}") = "L31_RemoveElementsFromVector", "L31_RemoveElementsFromVector\L31_RemoveElementsFromVector.vcxproj", "{E8C01F55-2035-492F-A045-34416CC711CE}"
EndProject
Project("{8BC9CEB8-8B4A-11D0-8D11-00A0C91BC942}") = "L32_VectorFunctions", "L32_VectorFunctions\L32_VectorFunctions.vcxproj", "{4FD64317-1AEC-46E0-8F6D-7FD0CFF066E4}"
EndProject
Project("{8BC9CEB8-8B4A-11D0-8D11-00A0C91BC942}") = "L33_ReferencesReview", "L33_ReferencesReview\L33_ReferencesReview.vcxproj", "{4045C421-8689-4402-91B2-772046A583AF}"
EndProject
Project("{8BC9CEB8-8B4A-11D0-8D11-00A0C91BC942}") = "L34_CreatingReferences", "L34_CreatingReferences\L34_CreatingReferences.vcxproj", "{8C315B6F-B4B4-46AF-8FD1-316F6E36ECDB}"
EndProject
Project("{8BC9CEB8-8B4A-11D0-8D11-00A0C91BC942}") = "L35_IntroToPointers", "L35_IntroToPointers\L35_IntroToPointers.vcxproj", "{A1EFCBB1-EDA0-4AA3-B8A0-03914F4844F5}"
EndProject
Project("{8BC9CEB8-8B4A-11D0-8D11-00A0C91BC942}") = "L36_DereferencingPointers", "L36_DereferencingPointers\L36_DereferencingPointers.vcxproj", "{7C85184F-FD3A-45B3-A2CC-FED0CBB57867}"
EndProject
Project("{8BC9CEB8-8B4A-11D0-8D11-00A0C91BC942}") = "L37_CommonMistakesWithPointers", "L37_CommonMistakesWithPointers\L37_CommonMistakesWithPointers.vcxproj", "{6F56B559-221B-4D66-AE8F-F73448362E75}"
EndProject
Project("{8BC9CEB8-8B4A-11D0-8D11-00A0C91BC942}") = "L38_PointersVsReferences", "L38_PointersVsReferences\L38_PointersVsReferences.vcxproj", "{26C1C821-C237-4B85-A9EE-BE96856AFF2A}"
EndProject
Project("{8BC9CEB8-8B4A-11D0-8D11-00A0C91BC942}") = "L39_CallByReferenceUsingPointers", "L39_CallByReferenceUsingPointers\L39_CallByReferenceUsingPointers.vcxproj", "{32C46B57-FE57-4FD0-9284-2E50EEE5A69B}"
EndProject
Project("{8BC9CEB8-8B4A-11D0-8D11-00A0C91BC942}") = "L40_PointersAndArrays", "L40_PointersAndArrays\L40_PointersAndArrays.vcxproj", "{BCBAF7E9-9045-4FF8-B18B-DF8F5843D664}"
EndProject
Project("{8BC9CEB8-8B4A-11D0-8D11-00A0C91BC942}") = "L41_PointersAndStructs", "L41_PointersAndStructs\L41_PointersAndStructs.vcxproj", "{0AFE5338-2B87-48DF-A25C-E9716B96416B}"
EndProject
Project("{8BC9CEB8-8B4A-11D0-8D11-00A0C91BC942}") = "L42_VoidPointers", "L42_VoidPointers\L42_VoidPointers.vcxproj", "{FB25DA24-F025-4B28-A4D0-636F0FE683A4}"
EndProject
Project("{8BC9CEB8-8B4A-11D0-8D11-00A0C91BC942}") = "L43_MemoryManagement_NewAndDelete", "L43_MemoryManagement_NewAndDelete\L43_MemoryManagement_NewAndDelete.vcxproj", "{7462BDBE-C1F0-4A70-B29D-53E11267810C}"
EndProject
Project("{8BC9CEB8-8B4A-11D0-8D11-00A0C91BC942}") = "L44_DynamicArrays", "L44_DynamicArrays\L44_DynamicArrays.vcxproj", "{D4B43013-5E19-424C-A0EA-81CF983B8ADD}"
EndProject
Project("{8BC9CEB8-8B4A-11D0-8D11-00A0C91BC942}") = "L46_AccessVectorElements", "L46_AccessVectorElements\L46_AccessVectorElements.vcxproj", "{A4296A4E-1707-4B97-A548-F543F6CE99F6}"
EndProject
Project("{8BC9CEB8-8B4A-11D0-8D11-00A0C91BC942}") = "L47_ChangeVectorElements", "L47_ChangeVectorElements\L47_ChangeVectorElements.vcxproj", "{BBF2A772-7E91-4D75-8AE0-7F16B9D5F9C7}"
EndProject
Project("{8BC9CEB8-8B4A-11D0-8D11-00A0C91BC942}") = "L48_VectorIterators", "L48_VectorIterators\L48_VectorIterators.vcxproj", "{945EFAC3-064F-45FC-BD83-644016467D22}"
EndProject
Project("{8BC9CEB8-8B4A-11D0-8D11-00A0C91BC942}") = "L49_TryCatch", "L49_TryCatch\L49_TryCatch.vcxproj", "{6D529877-3A43-4359-B73D-0C4FCEA63578}"
EndProject
Project("{8BC9CEB8-8B4A-11D0-8D11-00A0C91BC942}") = "L50_StringObjCommonMethods", "L50_StringObjCommonMethods\L50_StringObjCommonMethods.vcxproj", "{10CDC1A9-75F2-4347-BB52-467C7398FA05}"
EndProject
Project("{8BC9CEB8-8B4A-11D0-8D11-00A0C91BC942}") = "L51_SomeCCTypeFuncs", "L51_SomeCCTypeFuncs\L51_SomeCCTypeFuncs.vcxproj", "{80D1C8D7-51B5-4718-B4C6-2CD9A1BEAA85}"
EndProject
Project("{8BC9CEB8-8B4A-11D0-8D11-00A0C91BC942}") = "L52_FilesWriteMode", "L52_FilesWriteMode\L52_FilesWriteMode.vcxproj", "{9DBF1D73-6C27-4813-BA3E-A67886D97871}"
EndProject
Project("{8BC9CEB8-8B4A-11D0-8D11-00A0C91BC942}") = "L53_FilesAppendMode", "L53_FilesAppendMode\L53_FilesAppendMode.vcxproj", "{9D71A020-6B43-4852-AFA0-EC6A96EB84E6}"
EndProject
Project("{8BC9CEB8-8B4A-11D0-8D11-00A0C91BC942}") = "L54_FilesReadMode", "L54_FilesReadMode\L54_FilesReadMode.vcxproj", "{9FECA10E-B6D1-4076-97FC-F79592247FFD}"
EndProject
Project("{8BC9CEB8-8B4A-11D0-8D11-00A0C91BC942}") = "L55_LoadFileDataToVector", "L55_LoadFileDataToVector\L55_LoadFileDataToVector.vcxproj", "{EFDF5E51-C309-45D6-982C-9D12043403D3}"
EndProject
Project("{8BC9CEB8-8B4A-11D0-8D11-00A0C91BC942}") = "L56_SaveVectorToFile", "L56_SaveVectorToFile\L56_SaveVectorToFile.vcxproj", "{0D52F38D-DA4F-4565-A592-C56A4B801099}"
EndProject
Project("{8BC9CEB8-8B4A-11D0-8D11-00A0C91BC942}") = "L57_DeleteRecordFromFile", "L57_DeleteRecordFromFile\L57_DeleteRecordFromFile.vcxproj", "{5EEEE545-D705-4D3B-AD2D-C3363FA119FF}"
EndProject
Project("{8BC9CEB8-8B4A-11D0-8D11-00A0C91BC942}") = "L58_UpdateRecordFromFile", "L58_UpdateRecordFromFile\L58_UpdateRecordFromFile.vcxproj", "{7EE7DBF6-AB49-4A23-98ED-B96CDDF96FC0}"
EndProject
Project("{8BC9CEB8-8B4A-11D0-8D11-00A0C91BC942}") = "L59_LocalAndUTCTime", "L59_LocalAndUTCTime\L59_LocalAndUTCTime.vcxproj", "{EFFD4571-EF20-49BF-A300-88E392AC560A}"
EndProject
Project("{8BC9CEB8-8B4A-11D0-8D11-00A0C91BC942}") = "L60_DatetimeStruct", "L60_DatetimeStruct\L60_DatetimeStruct.vcxproj", "{C1C81CCC-E3AB-4C35-8C6E-70EE6E33590A}"
EndProject
Global
	GlobalSection(SolutionConfigurationPlatforms) = preSolution
		Debug|x64 = Debug|x64
		Debug|x86 = Debug|x86
		Release|x64 = Release|x64
		Release|x86 = Release|x86
	EndGlobalSection
	GlobalSection(ProjectConfigurationPlatforms) = postSolution
		{49B5195C-2236-4445-AFDE-8D6A1804278A}.Debug|x64.ActiveCfg = Debug|x64
		{49B5195C-2236-4445-AFDE-8D6A1804278A}.Debug|x64.Build.0 = Debug|x64
		{49B5195C-2236-4445-AFDE-8D6A1804278A}.Debug|x86.ActiveCfg = Debug|Win32
		{49B5195C-2236-4445-AFDE-8D6A1804278A}.Debug|x86.Build.0 = Debug|Win32
		{49B5195C-2236-4445-AFDE-8D6A1804278A}.Release|x64.ActiveCfg = Release|x64
		{49B5195C-2236-4445-AFDE-8D6A1804278A}.Release|x64.Build.0 = Release|x64
		{49B5195C-2236-4445-AFDE-8D6A1804278A}.Release|x86.ActiveCfg = Release|Win32
		{49B5195C-2236-4445-AFDE-8D6A1804278A}.Release|x86.Build.0 = Release|Win32
		{173D4932-88C7-468B-9730-E1AD8D3995B6}.Debug|x64.ActiveCfg = Debug|x64
		{173D4932-88C7-468B-9730-E1AD8D3995B6}.Debug|x64.Build.0 = Debug|x64
		{173D4932-88C7-468B-9730-E1AD8D3995B6}.Debug|x86.ActiveCfg = Debug|Win32
		{173D4932-88C7-468B-9730-E1AD8D3995B6}.Debug|x86.Build.0 = Debug|Win32
		{173D4932-88C7-468B-9730-E1AD8D3995B6}.Release|x64.ActiveCfg = Release|x64
		{173D4932-88C7-468B-9730-E1AD8D3995B6}.Release|x64.Build.0 = Release|x64
		{173D4932-88C7-468B-9730-E1AD8D3995B6}.Release|x86.ActiveCfg = Release|Win32
		{173D4932-88C7-468B-9730-E1AD8D3995B6}.Release|x86.Build.0 = Release|Win32
		{7E00807B-9B34-4AA8-893C-84F8FE74C911}.Debug|x64.ActiveCfg = Debug|x64
		{7E00807B-9B34-4AA8-893C-84F8FE74C911}.Debug|x64.Build.0 = Debug|x64
		{7E00807B-9B34-4AA8-893C-84F8FE74C911}.Debug|x86.ActiveCfg = Debug|Win32
		{7E00807B-9B34-4AA8-893C-84F8FE74C911}.Debug|x86.Build.0 = Debug|Win32
		{7E00807B-9B34-4AA8-893C-84F8FE74C911}.Release|x64.ActiveCfg = Release|x64
		{7E00807B-9B34-4AA8-893C-84F8FE74C911}.Release|x64.Build.0 = Release|x64
		{7E00807B-9B34-4AA8-893C-84F8FE74C911}.Release|x86.ActiveCfg = Release|Win32
		{7E00807B-9B34-4AA8-893C-84F8FE74C911}.Release|x86.Build.0 = Release|Win32
		{6F672011-D978-4B98-8CC1-10B932BA6762}.Debug|x64.ActiveCfg = Debug|x64
		{6F672011-D978-4B98-8CC1-10B932BA6762}.Debug|x64.Build.0 = Debug|x64
		{6F672011-D978-4B98-8CC1-10B932BA6762}.Debug|x86.ActiveCfg = Debug|Win32
		{6F672011-D978-4B98-8CC1-10B932BA6762}.Debug|x86.Build.0 = Debug|Win32
		{6F672011-D978-4B98-8CC1-10B932BA6762}.Release|x64.ActiveCfg = Release|x64
		{6F672011-D978-4B98-8CC1-10B932BA6762}.Release|x64.Build.0 = Release|x64
		{6F672011-D978-4B98-8CC1-10B932BA6762}.Release|x86.ActiveCfg = Release|Win32
		{6F672011-D978-4B98-8CC1-10B932BA6762}.Release|x86.Build.0 = Release|Win32
		{6769F08F-0177-49F4-A33D-71BB8B728880}.Debug|x64.ActiveCfg = Debug|x64
		{6769F08F-0177-49F4-A33D-71BB8B728880}.Debug|x64.Build.0 = Debug|x64
		{6769F08F-0177-49F4-A33D-71BB8B728880}.Debug|x86.ActiveCfg = Debug|Win32
		{6769F08F-0177-49F4-A33D-71BB8B728880}.Debug|x86.Build.0 = Debug|Win32
		{6769F08F-0177-49F4-A33D-71BB8B728880}.Release|x64.ActiveCfg = Release|x64
		{6769F08F-0177-49F4-A33D-71BB8B728880}.Release|x64.Build.0 = Release|x64
		{6769F08F-0177-49F4-A33D-71BB8B728880}.Release|x86.ActiveCfg = Release|Win32
		{6769F08F-0177-49F4-A33D-71BB8B728880}.Release|x86.Build.0 = Release|Win32
		{91A0A994-9E52-49F1-B1D2-935CB3AFA601}.Debug|x64.ActiveCfg = Debug|x64
		{91A0A994-9E52-49F1-B1D2-935CB3AFA601}.Debug|x64.Build.0 = Debug|x64
		{91A0A994-9E52-49F1-B1D2-935CB3AFA601}.Debug|x86.ActiveCfg = Debug|Win32
		{91A0A994-9E52-49F1-B1D2-935CB3AFA601}.Debug|x86.Build.0 = Debug|Win32
		{91A0A994-9E52-49F1-B1D2-935CB3AFA601}.Release|x64.ActiveCfg = Release|x64
		{91A0A994-9E52-49F1-B1D2-935CB3AFA601}.Release|x64.Build.0 = Release|x64
		{91A0A994-9E52-49F1-B1D2-935CB3AFA601}.Release|x86.ActiveCfg = Release|Win32
		{91A0A994-9E52-49F1-B1D2-935CB3AFA601}.Release|x86.Build.0 = Release|Win32
		{7E922CB5-BA68-40E9-AE87-A864BF6D1CDF}.Debug|x64.ActiveCfg = Debug|x64
		{7E922CB5-BA68-40E9-AE87-A864BF6D1CDF}.Debug|x64.Build.0 = Debug|x64
		{7E922CB5-BA68-40E9-AE87-A864BF6D1CDF}.Debug|x86.ActiveCfg = Debug|Win32
		{7E922CB5-BA68-40E9-AE87-A864BF6D1CDF}.Debug|x86.Build.0 = Debug|Win32
		{7E922CB5-BA68-40E9-AE87-A864BF6D1CDF}.Release|x64.ActiveCfg = Release|x64
		{7E922CB5-BA68-40E9-AE87-A864BF6D1CDF}.Release|x64.Build.0 = Release|x64
		{7E922CB5-BA68-40E9-AE87-A864BF6D1CDF}.Release|x86.ActiveCfg = Release|Win32
		{7E922CB5-BA68-40E9-AE87-A864BF6D1CDF}.Release|x86.Build.0 = Release|Win32
		{A1A4ED4E-52B9-467C-BA5C-EE31D7D65C9E}.Debug|x64.ActiveCfg = Debug|x64
		{A1A4ED4E-52B9-467C-BA5C-EE31D7D65C9E}.Debug|x64.Build.0 = Debug|x64
		{A1A4ED4E-52B9-467C-BA5C-EE31D7D65C9E}.Debug|x86.ActiveCfg = Debug|Win32
		{A1A4ED4E-52B9-467C-BA5C-EE31D7D65C9E}.Debug|x86.Build.0 = Debug|Win32
		{A1A4ED4E-52B9-467C-BA5C-EE31D7D65C9E}.Release|x64.ActiveCfg = Release|x64
		{A1A4ED4E-52B9-467C-BA5C-EE31D7D65C9E}.Release|x64.Build.0 = Release|x64
		{A1A4ED4E-52B9-467C-BA5C-EE31D7D65C9E}.Release|x86.ActiveCfg = Release|Win32
		{A1A4ED4E-52B9-467C-BA5C-EE31D7D65C9E}.Release|x86.Build.0 = Release|Win32
		{6A5A3520-7E66-4CEC-A26C-719610B9C549}.Debug|x64.ActiveCfg = Debug|x64
		{6A5A3520-7E66-4CEC-A26C-719610B9C549}.Debug|x64.Build.0 = Debug|x64
		{6A5A3520-7E66-4CEC-A26C-719610B9C549}.Debug|x86.ActiveCfg = Debug|Win32
		{6A5A3520-7E66-4CEC-A26C-719610B9C549}.Debug|x86.Build.0 = Debug|Win32
		{6A5A3520-7E66-4CEC-A26C-719610B9C549}.Release|x64.ActiveCfg = Release|x64
		{6A5A3520-7E66-4CEC-A26C-719610B9C549}.Release|x64.Build.0 = Release|x64
		{6A5A3520-7E66-4CEC-A26C-719610B9C549}.Release|x86.ActiveCfg = Release|Win32
		{6A5A3520-7E66-4CEC-A26C-719610B9C549}.Release|x86.Build.0 = Release|Win32
		{0994264E-FAD4-438F-8E43-8657D31E86FB}.Debug|x64.ActiveCfg = Debug|x64
		{0994264E-FAD4-438F-8E43-8657D31E86FB}.Debug|x64.Build.0 = Debug|x64
		{0994264E-FAD4-438F-8E43-8657D31E86FB}.Debug|x86.ActiveCfg = Debug|Win32
		{0994264E-FAD4-438F-8E43-8657D31E86FB}.Debug|x86.Build.0 = Debug|Win32
		{0994264E-FAD4-438F-8E43-8657D31E86FB}.Release|x64.ActiveCfg = Release|x64
		{0994264E-FAD4-438F-8E43-8657D31E86FB}.Release|x64.Build.0 = Release|x64
		{0994264E-FAD4-438F-8E43-8657D31E86FB}.Release|x86.ActiveCfg = Release|Win32
		{0994264E-FAD4-438F-8E43-8657D31E86FB}.Release|x86.Build.0 = Release|Win32
		{05D81668-5628-4526-9B95-F921E311988C}.Debug|x64.ActiveCfg = Debug|x64
		{05D81668-5628-4526-9B95-F921E311988C}.Debug|x64.Build.0 = Debug|x64
		{05D81668-5628-4526-9B95-F921E311988C}.Debug|x86.ActiveCfg = Debug|Win32
		{05D81668-5628-4526-9B95-F921E311988C}.Debug|x86.Build.0 = Debug|Win32
		{05D81668-5628-4526-9B95-F921E311988C}.Release|x64.ActiveCfg = Release|x64
		{05D81668-5628-4526-9B95-F921E311988C}.Release|x64.Build.0 = Release|x64
		{05D81668-5628-4526-9B95-F921E311988C}.Release|x86.ActiveCfg = Release|Win32
		{05D81668-5628-4526-9B95-F921E311988C}.Release|x86.Build.0 = Release|Win32
		{C4F1AF4F-6697-4E54-B826-9E2A1FBBF030}.Debug|x64.ActiveCfg = Debug|x64
		{C4F1AF4F-6697-4E54-B826-9E2A1FBBF030}.Debug|x64.Build.0 = Debug|x64
		{C4F1AF4F-6697-4E54-B826-9E2A1FBBF030}.Debug|x86.ActiveCfg = Debug|Win32
		{C4F1AF4F-6697-4E54-B826-9E2A1FBBF030}.Debug|x86.Build.0 = Debug|Win32
		{C4F1AF4F-6697-4E54-B826-9E2A1FBBF030}.Release|x64.ActiveCfg = Release|x64
		{C4F1AF4F-6697-4E54-B826-9E2A1FBBF030}.Release|x64.Build.0 = Release|x64
		{C4F1AF4F-6697-4E54-B826-9E2A1FBBF030}.Release|x86.ActiveCfg = Release|Win32
		{C4F1AF4F-6697-4E54-B826-9E2A1FBBF030}.Release|x86.Build.0 = Release|Win32
		{0C6A6B33-E290-45B3-9504-591CF5AE60E6}.Debug|x64.ActiveCfg = Debug|x64
		{0C6A6B33-E290-45B3-9504-591CF5AE60E6}.Debug|x64.Build.0 = Debug|x64
		{0C6A6B33-E290-45B3-9504-591CF5AE60E6}.Debug|x86.ActiveCfg = Debug|Win32
		{0C6A6B33-E290-45B3-9504-591CF5AE60E6}.Debug|x86.Build.0 = Debug|Win32
		{0C6A6B33-E290-45B3-9504-591CF5AE60E6}.Release|x64.ActiveCfg = Release|x64
		{0C6A6B33-E290-45B3-9504-591CF5AE60E6}.Release|x64.Build.0 = Release|x64
		{0C6A6B33-E290-45B3-9504-591CF5AE60E6}.Release|x86.ActiveCfg = Release|Win32
		{0C6A6B33-E290-45B3-9504-591CF5AE60E6}.Release|x86.Build.0 = Release|Win32
		{347D2538-D97F-4870-AB29-60C721B0C83F}.Debug|x64.ActiveCfg = Debug|x64
		{347D2538-D97F-4870-AB29-60C721B0C83F}.Debug|x64.Build.0 = Debug|x64
		{347D2538-D97F-4870-AB29-60C721B0C83F}.Debug|x86.ActiveCfg = Debug|Win32
		{347D2538-D97F-4870-AB29-60C721B0C83F}.Debug|x86.Build.0 = Debug|Win32
		{347D2538-D97F-4870-AB29-60C721B0C83F}.Release|x64.ActiveCfg = Release|x64
		{347D2538-D97F-4870-AB29-60C721B0C83F}.Release|x64.Build.0 = Release|x64
		{347D2538-D97F-4870-AB29-60C721B0C83F}.Release|x86.ActiveCfg = Release|Win32
		{347D2538-D97F-4870-AB29-60C721B0C83F}.Release|x86.Build.0 = Release|Win32
		{C73922A5-1EC6-4EDF-854E-7E6F822A786C}.Debug|x64.ActiveCfg = Debug|x64
		{C73922A5-1EC6-4EDF-854E-7E6F822A786C}.Debug|x64.Build.0 = Debug|x64
		{C73922A5-1EC6-4EDF-854E-7E6F822A786C}.Debug|x86.ActiveCfg = Debug|Win32
		{C73922A5-1EC6-4EDF-854E-7E6F822A786C}.Debug|x86.Build.0 = Debug|Win32
		{C73922A5-1EC6-4EDF-854E-7E6F822A786C}.Release|x64.ActiveCfg = Release|x64
		{C73922A5-1EC6-4EDF-854E-7E6F822A786C}.Release|x64.Build.0 = Release|x64
		{C73922A5-1EC6-4EDF-854E-7E6F822A786C}.Release|x86.ActiveCfg = Release|Win32
		{C73922A5-1EC6-4EDF-854E-7E6F822A786C}.Release|x86.Build.0 = Release|Win32
		{990584B9-4B9E-4253-8AE6-002BA487BC5B}.Debug|x64.ActiveCfg = Debug|x64
		{990584B9-4B9E-4253-8AE6-002BA487BC5B}.Debug|x64.Build.0 = Debug|x64
		{990584B9-4B9E-4253-8AE6-002BA487BC5B}.Debug|x86.ActiveCfg = Debug|Win32
		{990584B9-4B9E-4253-8AE6-002BA487BC5B}.Debug|x86.Build.0 = Debug|Win32
		{990584B9-4B9E-4253-8AE6-002BA487BC5B}.Release|x64.ActiveCfg = Release|x64
		{990584B9-4B9E-4253-8AE6-002BA487BC5B}.Release|x64.Build.0 = Release|x64
		{990584B9-4B9E-4253-8AE6-002BA487BC5B}.Release|x86.ActiveCfg = Release|Win32
		{990584B9-4B9E-4253-8AE6-002BA487BC5B}.Release|x86.Build.0 = Release|Win32
		{58A9BA76-D078-4E67-B073-2BF2FA624104}.Debug|x64.ActiveCfg = Debug|x64
		{58A9BA76-D078-4E67-B073-2BF2FA624104}.Debug|x64.Build.0 = Debug|x64
		{58A9BA76-D078-4E67-B073-2BF2FA624104}.Debug|x86.ActiveCfg = Debug|Win32
		{58A9BA76-D078-4E67-B073-2BF2FA624104}.Debug|x86.Build.0 = Debug|Win32
		{58A9BA76-D078-4E67-B073-2BF2FA624104}.Release|x64.ActiveCfg = Release|x64
		{58A9BA76-D078-4E67-B073-2BF2FA624104}.Release|x64.Build.0 = Release|x64
		{58A9BA76-D078-4E67-B073-2BF2FA624104}.Release|x86.ActiveCfg = Release|Win32
		{58A9BA76-D078-4E67-B073-2BF2FA624104}.Release|x86.Build.0 = Release|Win32
		{E706A814-CA1B-4F9A-A9EE-2AA7D8784705}.Debug|x64.ActiveCfg = Debug|x64
		{E706A814-CA1B-4F9A-A9EE-2AA7D8784705}.Debug|x64.Build.0 = Debug|x64
		{E706A814-CA1B-4F9A-A9EE-2AA7D8784705}.Debug|x86.ActiveCfg = Debug|Win32
		{E706A814-CA1B-4F9A-A9EE-2AA7D8784705}.Debug|x86.Build.0 = Debug|Win32
		{E706A814-CA1B-4F9A-A9EE-2AA7D8784705}.Release|x64.ActiveCfg = Release|x64
		{E706A814-CA1B-4F9A-A9EE-2AA7D8784705}.Release|x64.Build.0 = Release|x64
		{E706A814-CA1B-4F9A-A9EE-2AA7D8784705}.Release|x86.ActiveCfg = Release|Win32
		{E706A814-CA1B-4F9A-A9EE-2AA7D8784705}.Release|x86.Build.0 = Release|Win32
		{2382FBEE-272D-4392-B18B-0387CB31760F}.Debug|x64.ActiveCfg = Debug|x64
		{2382FBEE-272D-4392-B18B-0387CB31760F}.Debug|x64.Build.0 = Debug|x64
		{2382FBEE-272D-4392-B18B-0387CB31760F}.Debug|x86.ActiveCfg = Debug|Win32
		{2382FBEE-272D-4392-B18B-0387CB31760F}.Debug|x86.Build.0 = Debug|Win32
		{2382FBEE-272D-4392-B18B-0387CB31760F}.Release|x64.ActiveCfg = Release|x64
		{2382FBEE-272D-4392-B18B-0387CB31760F}.Release|x64.Build.0 = Release|x64
		{2382FBEE-272D-4392-B18B-0387CB31760F}.Release|x86.ActiveCfg = Release|Win32
		{2382FBEE-272D-4392-B18B-0387CB31760F}.Release|x86.Build.0 = Release|Win32
		{0896969C-C22A-4390-A03D-A6DC4F4BDE80}.Debug|x64.ActiveCfg = Debug|x64
		{0896969C-C22A-4390-A03D-A6DC4F4BDE80}.Debug|x64.Build.0 = Debug|x64
		{0896969C-C22A-4390-A03D-A6DC4F4BDE80}.Debug|x86.ActiveCfg = Debug|Win32
		{0896969C-C22A-4390-A03D-A6DC4F4BDE80}.Debug|x86.Build.0 = Debug|Win32
		{0896969C-C22A-4390-A03D-A6DC4F4BDE80}.Release|x64.ActiveCfg = Release|x64
		{0896969C-C22A-4390-A03D-A6DC4F4BDE80}.Release|x64.Build.0 = Release|x64
		{0896969C-C22A-4390-A03D-A6DC4F4BDE80}.Release|x86.ActiveCfg = Release|Win32
		{0896969C-C22A-4390-A03D-A6DC4F4BDE80}.Release|x86.Build.0 = Release|Win32
		{6AC6036E-F97D-4A8F-9103-A0004CE46530}.Debug|x64.ActiveCfg = Debug|x64
		{6AC6036E-F97D-4A8F-9103-A0004CE46530}.Debug|x64.Build.0 = Debug|x64
		{6AC6036E-F97D-4A8F-9103-A0004CE46530}.Debug|x86.ActiveCfg = Debug|Win32
		{6AC6036E-F97D-4A8F-9103-A0004CE46530}.Debug|x86.Build.0 = Debug|Win32
		{6AC6036E-F97D-4A8F-9103-A0004CE46530}.Release|x64.ActiveCfg = Release|x64
		{6AC6036E-F97D-4A8F-9103-A0004CE46530}.Release|x64.Build.0 = Release|x64
		{6AC6036E-F97D-4A8F-9103-A0004CE46530}.Release|x86.ActiveCfg = Release|Win32
		{6AC6036E-F97D-4A8F-9103-A0004CE46530}.Release|x86.Build.0 = Release|Win32
		{65388526-CFAB-483C-B3E2-10EA63FB60A1}.Debug|x64.ActiveCfg = Debug|x64
		{65388526-CFAB-483C-B3E2-10EA63FB60A1}.Debug|x64.Build.0 = Debug|x64
		{65388526-CFAB-483C-B3E2-10EA63FB60A1}.Debug|x86.ActiveCfg = Debug|Win32
		{65388526-CFAB-483C-B3E2-10EA63FB60A1}.Debug|x86.Build.0 = Debug|Win32
		{65388526-CFAB-483C-B3E2-10EA63FB60A1}.Release|x64.ActiveCfg = Release|x64
		{65388526-CFAB-483C-B3E2-10EA63FB60A1}.Release|x64.Build.0 = Release|x64
		{65388526-CFAB-483C-B3E2-10EA63FB60A1}.Release|x86.ActiveCfg = Release|Win32
		{65388526-CFAB-483C-B3E2-10EA63FB60A1}.Release|x86.Build.0 = Release|Win32
		{7F951CC3-8D62-45DC-8BF5-4A253BC224F8}.Debug|x64.ActiveCfg = Debug|x64
		{7F951CC3-8D62-45DC-8BF5-4A253BC224F8}.Debug|x64.Build.0 = Debug|x64
		{7F951CC3-8D62-45DC-8BF5-4A253BC224F8}.Debug|x86.ActiveCfg = Debug|Win32
		{7F951CC3-8D62-45DC-8BF5-4A253BC224F8}.Debug|x86.Build.0 = Debug|Win32
		{7F951CC3-8D62-45DC-8BF5-4A253BC224F8}.Release|x64.ActiveCfg = Release|x64
		{7F951CC3-8D62-45DC-8BF5-4A253BC224F8}.Release|x64.Build.0 = Release|x64
		{7F951CC3-8D62-45DC-8BF5-4A253BC224F8}.Release|x86.ActiveCfg = Release|Win32
		{7F951CC3-8D62-45DC-8BF5-4A253BC224F8}.Release|x86.Build.0 = Release|Win32
		{9E0F9CA7-F94C-406C-AB4C-74010094BFA6}.Debug|x64.ActiveCfg = Debug|x64
		{9E0F9CA7-F94C-406C-AB4C-74010094BFA6}.Debug|x64.Build.0 = Debug|x64
		{9E0F9CA7-F94C-406C-AB4C-74010094BFA6}.Debug|x86.ActiveCfg = Debug|Win32
		{9E0F9CA7-F94C-406C-AB4C-74010094BFA6}.Debug|x86.Build.0 = Debug|Win32
		{9E0F9CA7-F94C-406C-AB4C-74010094BFA6}.Release|x64.ActiveCfg = Release|x64
		{9E0F9CA7-F94C-406C-AB4C-74010094BFA6}.Release|x64.Build.0 = Release|x64
		{9E0F9CA7-F94C-406C-AB4C-74010094BFA6}.Release|x86.ActiveCfg = Release|Win32
		{9E0F9CA7-F94C-406C-AB4C-74010094BFA6}.Release|x86.Build.0 = Release|Win32
		{B863C549-CFC1-434E-AD60-1308542BF4FA}.Debug|x64.ActiveCfg = Debug|x64
		{B863C549-CFC1-434E-AD60-1308542BF4FA}.Debug|x64.Build.0 = Debug|x64
		{B863C549-CFC1-434E-AD60-1308542BF4FA}.Debug|x86.ActiveCfg = Debug|Win32
		{B863C549-CFC1-434E-AD60-1308542BF4FA}.Debug|x86.Build.0 = Debug|Win32
		{B863C549-CFC1-434E-AD60-1308542BF4FA}.Release|x64.ActiveCfg = Release|x64
		{B863C549-CFC1-434E-AD60-1308542BF4FA}.Release|x64.Build.0 = Release|x64
		{B863C549-CFC1-434E-AD60-1308542BF4FA}.Release|x86.ActiveCfg = Release|Win32
		{B863C549-CFC1-434E-AD60-1308542BF4FA}.Release|x86.Build.0 = Release|Win32
		{DDB1378B-79B5-46C2-9173-19DD1682EEB8}.Debug|x64.ActiveCfg = Debug|x64
		{DDB1378B-79B5-46C2-9173-19DD1682EEB8}.Debug|x64.Build.0 = Debug|x64
		{DDB1378B-79B5-46C2-9173-19DD1682EEB8}.Debug|x86.ActiveCfg = Debug|Win32
		{DDB1378B-79B5-46C2-9173-19DD1682EEB8}.Debug|x86.Build.0 = Debug|Win32
		{DDB1378B-79B5-46C2-9173-19DD1682EEB8}.Release|x64.ActiveCfg = Release|x64
		{DDB1378B-79B5-46C2-9173-19DD1682EEB8}.Release|x64.Build.0 = Release|x64
		{DDB1378B-79B5-46C2-9173-19DD1682EEB8}.Release|x86.ActiveCfg = Release|Win32
		{DDB1378B-79B5-46C2-9173-19DD1682EEB8}.Release|x86.Build.0 = Release|Win32
		{B8231A8F-7D25-4FFF-9DF7-F5F7FFD1CE13}.Debug|x64.ActiveCfg = Debug|x64
		{B8231A8F-7D25-4FFF-9DF7-F5F7FFD1CE13}.Debug|x64.Build.0 = Debug|x64
		{B8231A8F-7D25-4FFF-9DF7-F5F7FFD1CE13}.Debug|x86.ActiveCfg = Debug|Win32
		{B8231A8F-7D25-4FFF-9DF7-F5F7FFD1CE13}.Debug|x86.Build.0 = Debug|Win32
		{B8231A8F-7D25-4FFF-9DF7-F5F7FFD1CE13}.Release|x64.ActiveCfg = Release|x64
		{B8231A8F-7D25-4FFF-9DF7-F5F7FFD1CE13}.Release|x64.Build.0 = Release|x64
		{B8231A8F-7D25-4FFF-9DF7-F5F7FFD1CE13}.Release|x86.ActiveCfg = Release|Win32
		{B8231A8F-7D25-4FFF-9DF7-F5F7FFD1CE13}.Release|x86.Build.0 = Release|Win32
		{8F1FD311-C8C9-4A63-A6F5-531AD730403D}.Debug|x64.ActiveCfg = Debug|x64
		{8F1FD311-C8C9-4A63-A6F5-531AD730403D}.Debug|x64.Build.0 = Debug|x64
		{8F1FD311-C8C9-4A63-A6F5-531AD730403D}.Debug|x86.ActiveCfg = Debug|Win32
		{8F1FD311-C8C9-4A63-A6F5-531AD730403D}.Debug|x86.Build.0 = Debug|Win32
		{8F1FD311-C8C9-4A63-A6F5-531AD730403D}.Release|x64.ActiveCfg = Release|x64
		{8F1FD311-C8C9-4A63-A6F5-531AD730403D}.Release|x64.Build.0 = Release|x64
		{8F1FD311-C8C9-4A63-A6F5-531AD730403D}.Release|x86.ActiveCfg = Release|Win32
		{8F1FD311-C8C9-4A63-A6F5-531AD730403D}.Release|x86.Build.0 = Release|Win32
		{D8CCBBBB-0BB8-411D-BABB-FBC43EDA4B9C}.Debug|x64.ActiveCfg = Debug|x64
		{D8CCBBBB-0BB8-411D-BABB-FBC43EDA4B9C}.Debug|x64.Build.0 = Debug|x64
		{D8CCBBBB-0BB8-411D-BABB-FBC43EDA4B9C}.Debug|x86.ActiveCfg = Debug|Win32
		{D8CCBBBB-0BB8-411D-BABB-FBC43EDA4B9C}.Debug|x86.Build.0 = Debug|Win32
		{D8CCBBBB-0BB8-411D-BABB-FBC43EDA4B9C}.Release|x64.ActiveCfg = Release|x64
		{D8CCBBBB-0BB8-411D-BABB-FBC43EDA4B9C}.Release|x64.Build.0 = Release|x64
		{D8CCBBBB-0BB8-411D-BABB-FBC43EDA4B9C}.Release|x86.ActiveCfg = Release|Win32
		{D8CCBBBB-0BB8-411D-BABB-FBC43EDA4B9C}.Release|x86.Build.0 = Release|Win32
		{E8C01F55-2035-492F-A045-34416CC711CE}.Debug|x64.ActiveCfg = Debug|x64
		{E8C01F55-2035-492F-A045-34416CC711CE}.Debug|x64.Build.0 = Debug|x64
		{E8C01F55-2035-492F-A045-34416CC711CE}.Debug|x86.ActiveCfg = Debug|Win32
		{E8C01F55-2035-492F-A045-34416CC711CE}.Debug|x86.Build.0 = Debug|Win32
		{E8C01F55-2035-492F-A045-34416CC711CE}.Release|x64.ActiveCfg = Release|x64
		{E8C01F55-2035-492F-A045-34416CC711CE}.Release|x64.Build.0 = Release|x64
		{E8C01F55-2035-492F-A045-34416CC711CE}.Release|x86.ActiveCfg = Release|Win32
		{E8C01F55-2035-492F-A045-34416CC711CE}.Release|x86.Build.0 = Release|Win32
		{4FD64317-1AEC-46E0-8F6D-7FD0CFF066E4}.Debug|x64.ActiveCfg = Debug|x64
		{4FD64317-1AEC-46E0-8F6D-7FD0CFF066E4}.Debug|x64.Build.0 = Debug|x64
		{4FD64317-1AEC-46E0-8F6D-7FD0CFF066E4}.Debug|x86.ActiveCfg = Debug|Win32
		{4FD64317-1AEC-46E0-8F6D-7FD0CFF066E4}.Debug|x86.Build.0 = Debug|Win32
		{4FD64317-1AEC-46E0-8F6D-7FD0CFF066E4}.Release|x64.ActiveCfg = Release|x64
		{4FD64317-1AEC-46E0-8F6D-7FD0CFF066E4}.Release|x64.Build.0 = Release|x64
		{4FD64317-1AEC-46E0-8F6D-7FD0CFF066E4}.Release|x86.ActiveCfg = Release|Win32
		{4FD64317-1AEC-46E0-8F6D-7FD0CFF066E4}.Release|x86.Build.0 = Release|Win32
		{4045C421-8689-4402-91B2-772046A583AF}.Debug|x64.ActiveCfg = Debug|x64
		{4045C421-8689-4402-91B2-772046A583AF}.Debug|x64.Build.0 = Debug|x64
		{4045C421-8689-4402-91B2-772046A583AF}.Debug|x86.ActiveCfg = Debug|Win32
		{4045C421-8689-4402-91B2-772046A583AF}.Debug|x86.Build.0 = Debug|Win32
		{4045C421-8689-4402-91B2-772046A583AF}.Release|x64.ActiveCfg = Release|x64
		{4045C421-8689-4402-91B2-772046A583AF}.Release|x64.Build.0 = Release|x64
		{4045C421-8689-4402-91B2-772046A583AF}.Release|x86.ActiveCfg = Release|Win32
		{4045C421-8689-4402-91B2-772046A583AF}.Release|x86.Build.0 = Release|Win32
		{8C315B6F-B4B4-46AF-8FD1-316F6E36ECDB}.Debug|x64.ActiveCfg = Debug|x64
		{8C315B6F-B4B4-46AF-8FD1-316F6E36ECDB}.Debug|x64.Build.0 = Debug|x64
		{8C315B6F-B4B4-46AF-8FD1-316F6E36ECDB}.Debug|x86.ActiveCfg = Debug|Win32
		{8C315B6F-B4B4-46AF-8FD1-316F6E36ECDB}.Debug|x86.Build.0 = Debug|Win32
		{8C315B6F-B4B4-46AF-8FD1-316F6E36ECDB}.Release|x64.ActiveCfg = Release|x64
		{8C315B6F-B4B4-46AF-8FD1-316F6E36ECDB}.Release|x64.Build.0 = Release|x64
		{8C315B6F-B4B4-46AF-8FD1-316F6E36ECDB}.Release|x86.ActiveCfg = Release|Win32
		{8C315B6F-B4B4-46AF-8FD1-316F6E36ECDB}.Release|x86.Build.0 = Release|Win32
		{A1EFCBB1-EDA0-4AA3-B8A0-03914F4844F5}.Debug|x64.ActiveCfg = Debug|x64
		{A1EFCBB1-EDA0-4AA3-B8A0-03914F4844F5}.Debug|x64.Build.0 = Debug|x64
		{A1EFCBB1-EDA0-4AA3-B8A0-03914F4844F5}.Debug|x86.ActiveCfg = Debug|Win32
		{A1EFCBB1-EDA0-4AA3-B8A0-03914F4844F5}.Debug|x86.Build.0 = Debug|Win32
		{A1EFCBB1-EDA0-4AA3-B8A0-03914F4844F5}.Release|x64.ActiveCfg = Release|x64
		{A1EFCBB1-EDA0-4AA3-B8A0-03914F4844F5}.Release|x64.Build.0 = Release|x64
		{A1EFCBB1-EDA0-4AA3-B8A0-03914F4844F5}.Release|x86.ActiveCfg = Release|Win32
		{A1EFCBB1-EDA0-4AA3-B8A0-03914F4844F5}.Release|x86.Build.0 = Release|Win32
		{7C85184F-FD3A-45B3-A2CC-FED0CBB57867}.Debug|x64.ActiveCfg = Debug|x64
		{7C85184F-FD3A-45B3-A2CC-FED0CBB57867}.Debug|x64.Build.0 = Debug|x64
		{7C85184F-FD3A-45B3-A2CC-FED0CBB57867}.Debug|x86.ActiveCfg = Debug|Win32
		{7C85184F-FD3A-45B3-A2CC-FED0CBB57867}.Debug|x86.Build.0 = Debug|Win32
		{7C85184F-FD3A-45B3-A2CC-FED0CBB57867}.Release|x64.ActiveCfg = Release|x64
		{7C85184F-FD3A-45B3-A2CC-FED0CBB57867}.Release|x64.Build.0 = Release|x64
		{7C85184F-FD3A-45B3-A2CC-FED0CBB57867}.Release|x86.ActiveCfg = Release|Win32
		{7C85184F-FD3A-45B3-A2CC-FED0CBB57867}.Release|x86.Build.0 = Release|Win32
		{6F56B559-221B-4D66-AE8F-F73448362E75}.Debug|x64.ActiveCfg = Debug|x64
		{6F56B559-221B-4D66-AE8F-F73448362E75}.Debug|x64.Build.0 = Debug|x64
		{6F56B559-221B-4D66-AE8F-F73448362E75}.Debug|x86.ActiveCfg = Debug|Win32
		{6F56B559-221B-4D66-AE8F-F73448362E75}.Debug|x86.Build.0 = Debug|Win32
		{6F56B559-221B-4D66-AE8F-F73448362E75}.Release|x64.ActiveCfg = Release|x64
		{6F56B559-221B-4D66-AE8F-F73448362E75}.Release|x64.Build.0 = Release|x64
		{6F56B559-221B-4D66-AE8F-F73448362E75}.Release|x86.ActiveCfg = Release|Win32
		{6F56B559-221B-4D66-AE8F-F73448362E75}.Release|x86.Build.0 = Release|Win32
		{26C1C821-C237-4B85-A9EE-BE96856AFF2A}.Debug|x64.ActiveCfg = Debug|x64
		{26C1C821-C237-4B85-A9EE-BE96856AFF2A}.Debug|x64.Build.0 = Debug|x64
		{26C1C821-C237-4B85-A9EE-BE96856AFF2A}.Debug|x86.ActiveCfg = Debug|Win32
		{26C1C821-C237-4B85-A9EE-BE96856AFF2A}.Debug|x86.Build.0 = Debug|Win32
		{26C1C821-C237-4B85-A9EE-BE96856AFF2A}.Release|x64.ActiveCfg = Release|x64
		{26C1C821-C237-4B85-A9EE-BE96856AFF2A}.Release|x64.Build.0 = Release|x64
		{26C1C821-C237-4B85-A9EE-BE96856AFF2A}.Release|x86.ActiveCfg = Release|Win32
		{26C1C821-C237-4B85-A9EE-BE96856AFF2A}.Release|x86.Build.0 = Release|Win32
		{32C46B57-FE57-4FD0-9284-2E50EEE5A69B}.Debug|x64.ActiveCfg = Debug|x64
		{32C46B57-FE57-4FD0-9284-2E50EEE5A69B}.Debug|x64.Build.0 = Debug|x64
		{32C46B57-FE57-4FD0-9284-2E50EEE5A69B}.Debug|x86.ActiveCfg = Debug|Win32
		{32C46B57-FE57-4FD0-9284-2E50EEE5A69B}.Debug|x86.Build.0 = Debug|Win32
		{32C46B57-FE57-4FD0-9284-2E50EEE5A69B}.Release|x64.ActiveCfg = Release|x64
		{32C46B57-FE57-4FD0-9284-2E50EEE5A69B}.Release|x64.Build.0 = Release|x64
		{32C46B57-FE57-4FD0-9284-2E50EEE5A69B}.Release|x86.ActiveCfg = Release|Win32
		{32C46B57-FE57-4FD0-9284-2E50EEE5A69B}.Release|x86.Build.0 = Release|Win32
		{BCBAF7E9-9045-4FF8-B18B-DF8F5843D664}.Debug|x64.ActiveCfg = Debug|x64
		{BCBAF7E9-9045-4FF8-B18B-DF8F5843D664}.Debug|x64.Build.0 = Debug|x64
		{BCBAF7E9-9045-4FF8-B18B-DF8F5843D664}.Debug|x86.ActiveCfg = Debug|Win32
		{BCBAF7E9-9045-4FF8-B18B-DF8F5843D664}.Debug|x86.Build.0 = Debug|Win32
		{BCBAF7E9-9045-4FF8-B18B-DF8F5843D664}.Release|x64.ActiveCfg = Release|x64
		{BCBAF7E9-9045-4FF8-B18B-DF8F5843D664}.Release|x64.Build.0 = Release|x64
		{BCBAF7E9-9045-4FF8-B18B-DF8F5843D664}.Release|x86.ActiveCfg = Release|Win32
		{BCBAF7E9-9045-4FF8-B18B-DF8F5843D664}.Release|x86.Build.0 = Release|Win32
		{0AFE5338-2B87-48DF-A25C-E9716B96416B}.Debug|x64.ActiveCfg = Debug|x64
		{0AFE5338-2B87-48DF-A25C-E9716B96416B}.Debug|x64.Build.0 = Debug|x64
		{0AFE5338-2B87-48DF-A25C-E9716B96416B}.Debug|x86.ActiveCfg = Debug|Win32
		{0AFE5338-2B87-48DF-A25C-E9716B96416B}.Debug|x86.Build.0 = Debug|Win32
		{0AFE5338-2B87-48DF-A25C-E9716B96416B}.Release|x64.ActiveCfg = Release|x64
		{0AFE5338-2B87-48DF-A25C-E9716B96416B}.Release|x64.Build.0 = Release|x64
		{0AFE5338-2B87-48DF-A25C-E9716B96416B}.Release|x86.ActiveCfg = Release|Win32
		{0AFE5338-2B87-48DF-A25C-E9716B96416B}.Release|x86.Build.0 = Release|Win32
		{FB25DA24-F025-4B28-A4D0-636F0FE683A4}.Debug|x64.ActiveCfg = Debug|x64
		{FB25DA24-F025-4B28-A4D0-636F0FE683A4}.Debug|x64.Build.0 = Debug|x64
		{FB25DA24-F025-4B28-A4D0-636F0FE683A4}.Debug|x86.ActiveCfg = Debug|Win32
		{FB25DA24-F025-4B28-A4D0-636F0FE683A4}.Debug|x86.Build.0 = Debug|Win32
		{FB25DA24-F025-4B28-A4D0-636F0FE683A4}.Release|x64.ActiveCfg = Release|x64
		{FB25DA24-F025-4B28-A4D0-636F0FE683A4}.Release|x64.Build.0 = Release|x64
		{FB25DA24-F025-4B28-A4D0-636F0FE683A4}.Release|x86.ActiveCfg = Release|Win32
		{FB25DA24-F025-4B28-A4D0-636F0FE683A4}.Release|x86.Build.0 = Release|Win32
		{7462BDBE-C1F0-4A70-B29D-53E11267810C}.Debug|x64.ActiveCfg = Debug|x64
		{7462BDBE-C1F0-4A70-B29D-53E11267810C}.Debug|x64.Build.0 = Debug|x64
		{7462BDBE-C1F0-4A70-B29D-53E11267810C}.Debug|x86.ActiveCfg = Debug|Win32
		{7462BDBE-C1F0-4A70-B29D-53E11267810C}.Debug|x86.Build.0 = Debug|Win32
		{7462BDBE-C1F0-4A70-B29D-53E11267810C}.Release|x64.ActiveCfg = Release|x64
		{7462BDBE-C1F0-4A70-B29D-53E11267810C}.Release|x64.Build.0 = Release|x64
		{7462BDBE-C1F0-4A70-B29D-53E11267810C}.Release|x86.ActiveCfg = Release|Win32
		{7462BDBE-C1F0-4A70-B29D-53E11267810C}.Release|x86.Build.0 = Release|Win32
		{D4B43013-5E19-424C-A0EA-81CF983B8ADD}.Debug|x64.ActiveCfg = Debug|x64
		{D4B43013-5E19-424C-A0EA-81CF983B8ADD}.Debug|x64.Build.0 = Debug|x64
		{D4B43013-5E19-424C-A0EA-81CF983B8ADD}.Debug|x86.ActiveCfg = Debug|Win32
		{D4B43013-5E19-424C-A0EA-81CF983B8ADD}.Debug|x86.Build.0 = Debug|Win32
		{D4B43013-5E19-424C-A0EA-81CF983B8ADD}.Release|x64.ActiveCfg = Release|x64
		{D4B43013-5E19-424C-A0EA-81CF983B8ADD}.Release|x64.Build.0 = Release|x64
		{D4B43013-5E19-424C-A0EA-81CF983B8ADD}.Release|x86.ActiveCfg = Release|Win32
		{D4B43013-5E19-424C-A0EA-81CF983B8ADD}.Release|x86.Build.0 = Release|Win32
		{A4296A4E-1707-4B97-A548-F543F6CE99F6}.Debug|x64.ActiveCfg = Debug|x64
		{A4296A4E-1707-4B97-A548-F543F6CE99F6}.Debug|x64.Build.0 = Debug|x64
		{A4296A4E-1707-4B97-A548-F543F6CE99F6}.Debug|x86.ActiveCfg = Debug|Win32
		{A4296A4E-1707-4B97-A548-F543F6CE99F6}.Debug|x86.Build.0 = Debug|Win32
		{A4296A4E-1707-4B97-A548-F543F6CE99F6}.Release|x64.ActiveCfg = Release|x64
		{A4296A4E-1707-4B97-A548-F543F6CE99F6}.Release|x64.Build.0 = Release|x64
		{A4296A4E-1707-4B97-A548-F543F6CE99F6}.Release|x86.ActiveCfg = Release|Win32
		{A4296A4E-1707-4B97-A548-F543F6CE99F6}.Release|x86.Build.0 = Release|Win32
		{BBF2A772-7E91-4D75-8AE0-7F16B9D5F9C7}.Debug|x64.ActiveCfg = Debug|x64
		{BBF2A772-7E91-4D75-8AE0-7F16B9D5F9C7}.Debug|x64.Build.0 = Debug|x64
		{BBF2A772-7E91-4D75-8AE0-7F16B9D5F9C7}.Debug|x86.ActiveCfg = Debug|Win32
		{BBF2A772-7E91-4D75-8AE0-7F16B9D5F9C7}.Debug|x86.Build.0 = Debug|Win32
		{BBF2A772-7E91-4D75-8AE0-7F16B9D5F9C7}.Release|x64.ActiveCfg = Release|x64
		{BBF2A772-7E91-4D75-8AE0-7F16B9D5F9C7}.Release|x64.Build.0 = Release|x64
		{BBF2A772-7E91-4D75-8AE0-7F16B9D5F9C7}.Release|x86.ActiveCfg = Release|Win32
		{BBF2A772-7E91-4D75-8AE0-7F16B9D5F9C7}.Release|x86.Build.0 = Release|Win32
		{945EFAC3-064F-45FC-BD83-644016467D22}.Debug|x64.ActiveCfg = Debug|x64
		{945EFAC3-064F-45FC-BD83-644016467D22}.Debug|x64.Build.0 = Debug|x64
		{945EFAC3-064F-45FC-BD83-644016467D22}.Debug|x86.ActiveCfg = Debug|Win32
		{945EFAC3-064F-45FC-BD83-644016467D22}.Debug|x86.Build.0 = Debug|Win32
		{945EFAC3-064F-45FC-BD83-644016467D22}.Release|x64.ActiveCfg = Release|x64
		{945EFAC3-064F-45FC-BD83-644016467D22}.Release|x64.Build.0 = Release|x64
		{945EFAC3-064F-45FC-BD83-644016467D22}.Release|x86.ActiveCfg = Release|Win32
		{945EFAC3-064F-45FC-BD83-644016467D22}.Release|x86.Build.0 = Release|Win32
		{6D529877-3A43-4359-B73D-0C4FCEA63578}.Debug|x64.ActiveCfg = Debug|x64
		{6D529877-3A43-4359-B73D-0C4FCEA63578}.Debug|x64.Build.0 = Debug|x64
		{6D529877-3A43-4359-B73D-0C4FCEA63578}.Debug|x86.ActiveCfg = Debug|Win32
		{6D529877-3A43-4359-B73D-0C4FCEA63578}.Debug|x86.Build.0 = Debug|Win32
		{6D529877-3A43-4359-B73D-0C4FCEA63578}.Release|x64.ActiveCfg = Release|x64
		{6D529877-3A43-4359-B73D-0C4FCEA63578}.Release|x64.Build.0 = Release|x64
		{6D529877-3A43-4359-B73D-0C4FCEA63578}.Release|x86.ActiveCfg = Release|Win32
		{6D529877-3A43-4359-B73D-0C4FCEA63578}.Release|x86.Build.0 = Release|Win32
		{10CDC1A9-75F2-4347-BB52-467C7398FA05}.Debug|x64.ActiveCfg = Debug|x64
		{10CDC1A9-75F2-4347-BB52-467C7398FA05}.Debug|x64.Build.0 = Debug|x64
		{10CDC1A9-75F2-4347-BB52-467C7398FA05}.Debug|x86.ActiveCfg = Debug|Win32
		{10CDC1A9-75F2-4347-BB52-467C7398FA05}.Debug|x86.Build.0 = Debug|Win32
		{10CDC1A9-75F2-4347-BB52-467C7398FA05}.Release|x64.ActiveCfg = Release|x64
		{10CDC1A9-75F2-4347-BB52-467C7398FA05}.Release|x64.Build.0 = Release|x64
		{10CDC1A9-75F2-4347-BB52-467C7398FA05}.Release|x86.ActiveCfg = Release|Win32
		{10CDC1A9-75F2-4347-BB52-467C7398FA05}.Release|x86.Build.0 = Release|Win32
		{80D1C8D7-51B5-4718-B4C6-2CD9A1BEAA85}.Debug|x64.ActiveCfg = Debug|x64
		{80D1C8D7-51B5-4718-B4C6-2CD9A1BEAA85}.Debug|x64.Build.0 = Debug|x64
		{80D1C8D7-51B5-4718-B4C6-2CD9A1BEAA85}.Debug|x86.ActiveCfg = Debug|Win32
		{80D1C8D7-51B5-4718-B4C6-2CD9A1BEAA85}.Debug|x86.Build.0 = Debug|Win32
		{80D1C8D7-51B5-4718-B4C6-2CD9A1BEAA85}.Release|x64.ActiveCfg = Release|x64
		{80D1C8D7-51B5-4718-B4C6-2CD9A1BEAA85}.Release|x64.Build.0 = Release|x64
		{80D1C8D7-51B5-4718-B4C6-2CD9A1BEAA85}.Release|x86.ActiveCfg = Release|Win32
		{80D1C8D7-51B5-4718-B4C6-2CD9A1BEAA85}.Release|x86.Build.0 = Release|Win32
		{9DBF1D73-6C27-4813-BA3E-A67886D97871}.Debug|x64.ActiveCfg = Debug|x64
		{9DBF1D73-6C27-4813-BA3E-A67886D97871}.Debug|x64.Build.0 = Debug|x64
		{9DBF1D73-6C27-4813-BA3E-A67886D97871}.Debug|x86.ActiveCfg = Debug|Win32
		{9DBF1D73-6C27-4813-BA3E-A67886D97871}.Debug|x86.Build.0 = Debug|Win32
		{9DBF1D73-6C27-4813-BA3E-A67886D97871}.Release|x64.ActiveCfg = Release|x64
		{9DBF1D73-6C27-4813-BA3E-A67886D97871}.Release|x64.Build.0 = Release|x64
		{9DBF1D73-6C27-4813-BA3E-A67886D97871}.Release|x86.ActiveCfg = Release|Win32
		{9DBF1D73-6C27-4813-BA3E-A67886D97871}.Release|x86.Build.0 = Release|Win32
		{9D71A020-6B43-4852-AFA0-EC6A96EB84E6}.Debug|x64.ActiveCfg = Debug|x64
		{9D71A020-6B43-4852-AFA0-EC6A96EB84E6}.Debug|x64.Build.0 = Debug|x64
		{9D71A020-6B43-4852-AFA0-EC6A96EB84E6}.Debug|x86.ActiveCfg = Debug|Win32
		{9D71A020-6B43-4852-AFA0-EC6A96EB84E6}.Debug|x86.Build.0 = Debug|Win32
		{9D71A020-6B43-4852-AFA0-EC6A96EB84E6}.Release|x64.ActiveCfg = Release|x64
		{9D71A020-6B43-4852-AFA0-EC6A96EB84E6}.Release|x64.Build.0 = Release|x64
		{9D71A020-6B43-4852-AFA0-EC6A96EB84E6}.Release|x86.ActiveCfg = Release|Win32
		{9D71A020-6B43-4852-AFA0-EC6A96EB84E6}.Release|x86.Build.0 = Release|Win32
		{9FECA10E-B6D1-4076-97FC-F79592247FFD}.Debug|x64.ActiveCfg = Debug|x64
		{9FECA10E-B6D1-4076-97FC-F79592247FFD}.Debug|x64.Build.0 = Debug|x64
		{9FECA10E-B6D1-4076-97FC-F79592247FFD}.Debug|x86.ActiveCfg = Debug|Win32
		{9FECA10E-B6D1-4076-97FC-F79592247FFD}.Debug|x86.Build.0 = Debug|Win32
		{9FECA10E-B6D1-4076-97FC-F79592247FFD}.Release|x64.ActiveCfg = Release|x64
		{9FECA10E-B6D1-4076-97FC-F79592247FFD}.Release|x64.Build.0 = Release|x64
		{9FECA10E-B6D1-4076-97FC-F79592247FFD}.Release|x86.ActiveCfg = Release|Win32
		{9FECA10E-B6D1-4076-97FC-F79592247FFD}.Release|x86.Build.0 = Release|Win32
		{EFDF5E51-C309-45D6-982C-9D12043403D3}.Debug|x64.ActiveCfg = Debug|x64
		{EFDF5E51-C309-45D6-982C-9D12043403D3}.Debug|x64.Build.0 = Debug|x64
		{EFDF5E51-C309-45D6-982C-9D12043403D3}.Debug|x86.ActiveCfg = Debug|Win32
		{EFDF5E51-C309-45D6-982C-9D12043403D3}.Debug|x86.Build.0 = Debug|Win32
		{EFDF5E51-C309-45D6-982C-9D12043403D3}.Release|x64.ActiveCfg = Release|x64
		{EFDF5E51-C309-45D6-982C-9D12043403D3}.Release|x64.Build.0 = Release|x64
		{EFDF5E51-C309-45D6-982C-9D12043403D3}.Release|x86.ActiveCfg = Release|Win32
		{EFDF5E51-C309-45D6-982C-9D12043403D3}.Release|x86.Build.0 = Release|Win32
		{0D52F38D-DA4F-4565-A592-C56A4B801099}.Debug|x64.ActiveCfg = Debug|x64
		{0D52F38D-DA4F-4565-A592-C56A4B801099}.Debug|x64.Build.0 = Debug|x64
		{0D52F38D-DA4F-4565-A592-C56A4B801099}.Debug|x86.ActiveCfg = Debug|Win32
		{0D52F38D-DA4F-4565-A592-C56A4B801099}.Debug|x86.Build.0 = Debug|Win32
		{0D52F38D-DA4F-4565-A592-C56A4B801099}.Release|x64.ActiveCfg = Release|x64
		{0D52F38D-DA4F-4565-A592-C56A4B801099}.Release|x64.Build.0 = Release|x64
		{0D52F38D-DA4F-4565-A592-C56A4B801099}.Release|x86.ActiveCfg = Release|Win32
		{0D52F38D-DA4F-4565-A592-C56A4B801099}.Release|x86.Build.0 = Release|Win32
		{5EEEE545-D705-4D3B-AD2D-C3363FA119FF}.Debug|x64.ActiveCfg = Debug|x64
		{5EEEE545-D705-4D3B-AD2D-C3363FA119FF}.Debug|x64.Build.0 = Debug|x64
		{5EEEE545-D705-4D3B-AD2D-C3363FA119FF}.Debug|x86.ActiveCfg = Debug|Win32
		{5EEEE545-D705-4D3B-AD2D-C3363FA119FF}.Debug|x86.Build.0 = Debug|Win32
		{5EEEE545-D705-4D3B-AD2D-C3363FA119FF}.Release|x64.ActiveCfg = Release|x64
		{5EEEE545-D705-4D3B-AD2D-C3363FA119FF}.Release|x64.Build.0 = Release|x64
		{5EEEE545-D705-4D3B-AD2D-C3363FA119FF}.Release|x86.ActiveCfg = Release|Win32
		{5EEEE545-D705-4D3B-AD2D-C3363FA119FF}.Release|x86.Build.0 = Release|Win32
		{7EE7DBF6-AB49-4A23-98ED-B96CDDF96FC0}.Debug|x64.ActiveCfg = Debug|x64
		{7EE7DBF6-AB49-4A23-98ED-B96CDDF96FC0}.Debug|x64.Build.0 = Debug|x64
		{7EE7DBF6-AB49-4A23-98ED-B96CDDF96FC0}.Debug|x86.ActiveCfg = Debug|Win32
		{7EE7DBF6-AB49-4A23-98ED-B96CDDF96FC0}.Debug|x86.Build.0 = Debug|Win32
		{7EE7DBF6-AB49-4A23-98ED-B96CDDF96FC0}.Release|x64.ActiveCfg = Release|x64
		{7EE7DBF6-AB49-4A23-98ED-B96CDDF96FC0}.Release|x64.Build.0 = Release|x64
		{7EE7DBF6-AB49-4A23-98ED-B96CDDF96FC0}.Release|x86.ActiveCfg = Release|Win32
		{7EE7DBF6-AB49-4A23-98ED-B96CDDF96FC0}.Release|x86.Build.0 = Release|Win32
		{EFFD4571-EF20-49BF-A300-88E392AC560A}.Debug|x64.ActiveCfg = Debug|x64
		{EFFD4571-EF20-49BF-A300-88E392AC560A}.Debug|x64.Build.0 = Debug|x64
		{EFFD4571-EF20-49BF-A300-88E392AC560A}.Debug|x86.ActiveCfg = Debug|Win32
		{EFFD4571-EF20-49BF-A300-88E392AC560A}.Debug|x86.Build.0 = Debug|Win32
		{EFFD4571-EF20-49BF-A300-88E392AC560A}.Release|x64.ActiveCfg = Release|x64
		{EFFD4571-EF20-49BF-A300-88E392AC560A}.Release|x64.Build.0 = Release|x64
		{EFFD4571-EF20-49BF-A300-88E392AC560A}.Release|x86.ActiveCfg = Release|Win32
		{EFFD4571-EF20-49BF-A300-88E392AC560A}.Release|x86.Build.0 = Release|Win32
		{C1C81CCC-E3AB-4C35-8C6E-70EE6E33590A}.Debug|x64.ActiveCfg = Debug|x64
		{C1C81CCC-E3AB-4C35-8C6E-70EE6E33590A}.Debug|x64.Build.0 = Debug|x64
		{C1C81CCC-E3AB-4C35-8C6E-70EE6E33590A}.Debug|x86.ActiveCfg = Debug|Win32
		{C1C81CCC-E3AB-4C35-8C6E-70EE6E33590A}.Debug|x86.Build.0 = Debug|Win32
		{C1C81CCC-E3AB-4C35-8C6E-70EE6E33590A}.Release|x64.ActiveCfg = Release|x64
		{C1C81CCC-E3AB-4C35-8C6E-70EE6E33590A}.Release|x64.Build.0 = Release|x64
		{C1C81CCC-E3AB-4C35-8C6E-70EE6E33590A}.Release|x86.ActiveCfg = Release|Win32
		{C1C81CCC-E3AB-4C35-8C6E-70EE6E33590A}.Release|x86.Build.0 = Release|Win32
	EndGlobalSection
	GlobalSection(SolutionProperties) = preSolution
		HideSolutionNode = FALSE
	EndGlobalSection
	GlobalSection(ExtensibilityGlobals) = postSolution
		SolutionGuid = {90E3E53A-53CF-43FD-8559-7A53AEC6233C}
	EndGlobalSection
EndGlobal
